
Microsoft Visual Studio Solution File, Format Version 12.00
# Visual Studio Version 16
VisualStudioVersion = 16.0.30907.101
MinimumVisualStudioVersion = 10.0.40219.1
Project("{F184B08F-C81C-45F6-A57F-5ABD9991F28F}") = "BackupSMS_VB", "BackupSMS_VB\BackupSMS_VB.vbproj", "{2F09A781-5A55-4597-A90E-DA684884BD3C}"
EndProject
Project("{D954291E-2A0B-460D-934E-DC6B0785DB48}") = "BackupSMS.Shared", "BackupSMS_Uno\BackupSMS_Uno.Shared\BackupSMS.Shared.shproj", "{6279C845-92F8-4333-AB99-3D213163593C}"
EndProject
Project("{FAE04EC0-301F-11D3-BF4B-00C04F79EFBC}") = "BackupSMS.Droid", "BackupSMS_Uno\BackupSMS_Uno.Droid\BackupSMS.Droid.csproj", "{722A3DE8-57FB-4249-8113-7042BA51A301}"
EndProject
Project("{FAE04EC0-301F-11D3-BF4B-00C04F79EFBC}") = "BackupSMS.iOS", "BackupSMS_Uno\BackupSMS_Uno.iOS\BackupSMS.iOS.csproj", "{DBD4DBE0-3B3A-4C4D-94AA-F05C3E539BB7}"
EndProject
Project("{FAE04EC0-301F-11D3-BF4B-00C04F79EFBC}") = "BackupSMS.UWP", "BackupSMS_Uno\BackupSMS_Uno.UWP\BackupSMS.UWP.csproj", "{46F98B83-CCA2-4BE5-BABA-BE11C4CDF7AC}"
EndProject
Project("{D954291E-2A0B-460D-934E-DC6B0785DB48}") = "TestProgressRing.Shared", "TestProgressRing\TestProgressRing.Shared\TestProgressRing.Shared.shproj", "{FCE00D05-1751-4821-BB8D-34E4E4DCBF1E}"
EndProject
Project("{FAE04EC0-301F-11D3-BF4B-00C04F79EFBC}") = "TestProgressRing.Droid", "TestProgressRing\TestProgressRing.Droid\TestProgressRing.Droid.csproj", "{8FB4D0CA-E014-453F-88B0-A04CBB2C8245}"
EndProject
Project("{FAE04EC0-301F-11D3-BF4B-00C04F79EFBC}") = "TestProgressRing.iOS", "TestProgressRing\TestProgressRing.iOS\TestProgressRing.iOS.csproj", "{9FE3D726-A897-4308-AE34-F11286DDA2FF}"
EndProject
Project("{FAE04EC0-301F-11D3-BF4B-00C04F79EFBC}") = "TestProgressRing.UWP", "TestProgressRing\TestProgressRing.UWP\TestProgressRing.UWP.csproj", "{CA6DB573-1358-4D27-A4F0-29D04BD1DD01}"
EndProject
Project("{9A19103F-16F7-4668-BE54-9A1E7A4F7556}") = "TestProgressRing.Wasm", "TestProgressRing\TestProgressRing.Wasm\TestProgressRing.Wasm.csproj", "{FD2F81B0-B744-493C-870E-1C8DBAA19F81}"
EndProject
Project("{FAE04EC0-301F-11D3-BF4B-00C04F79EFBC}") = "TestProgressRing.macOS", "TestProgressRing\TestProgressRing.macOS\TestProgressRing.macOS.csproj", "{77D263B8-9D19-4892-8C5E-51CEBCA47088}"
EndProject
Global
	GlobalSection(SharedMSBuildProjectFiles) = preSolution
		BackupSMS\BackupSMS_Uno.Shared\BackupSMS_Uno.Shared.projitems*{46f98b83-cca2-4be5-baba-be11c4cdf7ac}*SharedItemsImports = 4
		BackupSMS\BackupSMS_Uno.Shared\BackupSMS_Uno.Shared.projitems*{6279c845-92f8-4333-ab99-3d213163593c}*SharedItemsImports = 13
		BackupSMS\BackupSMS_Uno.Shared\BackupSMS_Uno.Shared.projitems*{722a3de8-57fb-4249-8113-7042ba51a301}*SharedItemsImports = 4
		TestProgressRing\TestProgressRing.Shared\TestProgressRing.Shared.projitems*{77d263b8-9d19-4892-8c5e-51cebca47088}*SharedItemsImports = 4
		TestProgressRing\TestProgressRing.Shared\TestProgressRing.Shared.projitems*{8fb4d0ca-e014-453f-88b0-a04cbb2c8245}*SharedItemsImports = 4
		TestProgressRing\TestProgressRing.Shared\TestProgressRing.Shared.projitems*{9fe3d726-a897-4308-ae34-f11286dda2ff}*SharedItemsImports = 4
		TestProgressRing\TestProgressRing.Shared\TestProgressRing.Shared.projitems*{ca6db573-1358-4d27-a4f0-29d04bd1dd01}*SharedItemsImports = 4
		BackupSMS\BackupSMS_Uno.Shared\BackupSMS_Uno.Shared.projitems*{dbd4dbe0-3b3a-4c4d-94aa-f05c3e539bb7}*SharedItemsImports = 4
		TestProgressRing\TestProgressRing.Shared\TestProgressRing.Shared.projitems*{fce00d05-1751-4821-bb8d-34e4e4dcbf1e}*SharedItemsImports = 13
		TestProgressRing\TestProgressRing.Shared\TestProgressRing.Shared.projitems*{fd2f81b0-b744-493c-870e-1c8dbaa19f81}*SharedItemsImports = 5
	EndGlobalSection
	GlobalSection(SolutionConfigurationPlatforms) = preSolution
		Ad-Hoc|Any CPU = Ad-Hoc|Any CPU
		Ad-Hoc|ARM = Ad-Hoc|ARM
		Ad-Hoc|ARM64 = Ad-Hoc|ARM64
		Ad-Hoc|iPhone = Ad-Hoc|iPhone
		Ad-Hoc|iPhoneSimulator = Ad-Hoc|iPhoneSimulator
		Ad-Hoc|x64 = Ad-Hoc|x64
		Ad-Hoc|x86 = Ad-Hoc|x86
		AppStore|Any CPU = AppStore|Any CPU
		AppStore|ARM = AppStore|ARM
		AppStore|ARM64 = AppStore|ARM64
		AppStore|iPhone = AppStore|iPhone
		AppStore|iPhoneSimulator = AppStore|iPhoneSimulator
		AppStore|x64 = AppStore|x64
		AppStore|x86 = AppStore|x86
		Debug|Any CPU = Debug|Any CPU
		Debug|ARM = Debug|ARM
		Debug|ARM64 = Debug|ARM64
		Debug|iPhone = Debug|iPhone
		Debug|iPhoneSimulator = Debug|iPhoneSimulator
		Debug|x64 = Debug|x64
		Debug|x86 = Debug|x86
		Release|Any CPU = Release|Any CPU
		Release|ARM = Release|ARM
		Release|ARM64 = Release|ARM64
		Release|iPhone = Release|iPhone
		Release|iPhoneSimulator = Release|iPhoneSimulator
		Release|x64 = Release|x64
		Release|x86 = Release|x86
	EndGlobalSection
	GlobalSection(ProjectConfigurationPlatforms) = postSolution
		{2F09A781-5A55-4597-A90E-DA684884BD3C}.Ad-Hoc|Any CPU.ActiveCfg = Release|x64
		{2F09A781-5A55-4597-A90E-DA684884BD3C}.Ad-Hoc|Any CPU.Build.0 = Release|x64
		{2F09A781-5A55-4597-A90E-DA684884BD3C}.Ad-Hoc|Any CPU.Deploy.0 = Release|x64
		{2F09A781-5A55-4597-A90E-DA684884BD3C}.Ad-Hoc|ARM.ActiveCfg = Release|ARM
		{2F09A781-5A55-4597-A90E-DA684884BD3C}.Ad-Hoc|ARM.Build.0 = Release|ARM
		{2F09A781-5A55-4597-A90E-DA684884BD3C}.Ad-Hoc|ARM.Deploy.0 = Release|ARM
		{2F09A781-5A55-4597-A90E-DA684884BD3C}.Ad-Hoc|ARM64.ActiveCfg = Release|x64
		{2F09A781-5A55-4597-A90E-DA684884BD3C}.Ad-Hoc|ARM64.Build.0 = Release|x64
		{2F09A781-5A55-4597-A90E-DA684884BD3C}.Ad-Hoc|ARM64.Deploy.0 = Release|x64
		{2F09A781-5A55-4597-A90E-DA684884BD3C}.Ad-Hoc|iPhone.ActiveCfg = Release|x64
		{2F09A781-5A55-4597-A90E-DA684884BD3C}.Ad-Hoc|iPhone.Build.0 = Release|x64
		{2F09A781-5A55-4597-A90E-DA684884BD3C}.Ad-Hoc|iPhone.Deploy.0 = Release|x64
		{2F09A781-5A55-4597-A90E-DA684884BD3C}.Ad-Hoc|iPhoneSimulator.ActiveCfg = Release|x64
		{2F09A781-5A55-4597-A90E-DA684884BD3C}.Ad-Hoc|iPhoneSimulator.Build.0 = Release|x64
		{2F09A781-5A55-4597-A90E-DA684884BD3C}.Ad-Hoc|iPhoneSimulator.Deploy.0 = Release|x64
		{2F09A781-5A55-4597-A90E-DA684884BD3C}.Ad-Hoc|x64.ActiveCfg = Release|x64
		{2F09A781-5A55-4597-A90E-DA684884BD3C}.Ad-Hoc|x64.Build.0 = Release|x64
		{2F09A781-5A55-4597-A90E-DA684884BD3C}.Ad-Hoc|x64.Deploy.0 = Release|x64
		{2F09A781-5A55-4597-A90E-DA684884BD3C}.Ad-Hoc|x86.ActiveCfg = Release|x86
		{2F09A781-5A55-4597-A90E-DA684884BD3C}.Ad-Hoc|x86.Build.0 = Release|x86
		{2F09A781-5A55-4597-A90E-DA684884BD3C}.Ad-Hoc|x86.Deploy.0 = Release|x86
		{2F09A781-5A55-4597-A90E-DA684884BD3C}.AppStore|Any CPU.ActiveCfg = Release|x64
		{2F09A781-5A55-4597-A90E-DA684884BD3C}.AppStore|Any CPU.Build.0 = Release|x64
		{2F09A781-5A55-4597-A90E-DA684884BD3C}.AppStore|Any CPU.Deploy.0 = Release|x64
		{2F09A781-5A55-4597-A90E-DA684884BD3C}.AppStore|ARM.ActiveCfg = Release|ARM
		{2F09A781-5A55-4597-A90E-DA684884BD3C}.AppStore|ARM.Build.0 = Release|ARM
		{2F09A781-5A55-4597-A90E-DA684884BD3C}.AppStore|ARM.Deploy.0 = Release|ARM
		{2F09A781-5A55-4597-A90E-DA684884BD3C}.AppStore|ARM64.ActiveCfg = Release|x64
		{2F09A781-5A55-4597-A90E-DA684884BD3C}.AppStore|ARM64.Build.0 = Release|x64
		{2F09A781-5A55-4597-A90E-DA684884BD3C}.AppStore|ARM64.Deploy.0 = Release|x64
		{2F09A781-5A55-4597-A90E-DA684884BD3C}.AppStore|iPhone.ActiveCfg = Release|x64
		{2F09A781-5A55-4597-A90E-DA684884BD3C}.AppStore|iPhone.Build.0 = Release|x64
		{2F09A781-5A55-4597-A90E-DA684884BD3C}.AppStore|iPhone.Deploy.0 = Release|x64
		{2F09A781-5A55-4597-A90E-DA684884BD3C}.AppStore|iPhoneSimulator.ActiveCfg = Release|x64
		{2F09A781-5A55-4597-A90E-DA684884BD3C}.AppStore|iPhoneSimulator.Build.0 = Release|x64
		{2F09A781-5A55-4597-A90E-DA684884BD3C}.AppStore|iPhoneSimulator.Deploy.0 = Release|x64
		{2F09A781-5A55-4597-A90E-DA684884BD3C}.AppStore|x64.ActiveCfg = Release|x64
		{2F09A781-5A55-4597-A90E-DA684884BD3C}.AppStore|x64.Build.0 = Release|x64
		{2F09A781-5A55-4597-A90E-DA684884BD3C}.AppStore|x64.Deploy.0 = Release|x64
		{2F09A781-5A55-4597-A90E-DA684884BD3C}.AppStore|x86.ActiveCfg = Release|x86
		{2F09A781-5A55-4597-A90E-DA684884BD3C}.AppStore|x86.Build.0 = Release|x86
		{2F09A781-5A55-4597-A90E-DA684884BD3C}.AppStore|x86.Deploy.0 = Release|x86
		{2F09A781-5A55-4597-A90E-DA684884BD3C}.Debug|Any CPU.ActiveCfg = Debug|x86
		{2F09A781-5A55-4597-A90E-DA684884BD3C}.Debug|ARM.ActiveCfg = Debug|ARM
		{2F09A781-5A55-4597-A90E-DA684884BD3C}.Debug|ARM.Build.0 = Debug|ARM
		{2F09A781-5A55-4597-A90E-DA684884BD3C}.Debug|ARM.Deploy.0 = Debug|ARM
		{2F09A781-5A55-4597-A90E-DA684884BD3C}.Debug|ARM64.ActiveCfg = Debug|x86
		{2F09A781-5A55-4597-A90E-DA684884BD3C}.Debug|iPhone.ActiveCfg = Debug|x86
		{2F09A781-5A55-4597-A90E-DA684884BD3C}.Debug|iPhoneSimulator.ActiveCfg = Debug|x86
		{2F09A781-5A55-4597-A90E-DA684884BD3C}.Debug|x64.ActiveCfg = Debug|x64
		{2F09A781-5A55-4597-A90E-DA684884BD3C}.Debug|x64.Build.0 = Debug|x64
		{2F09A781-5A55-4597-A90E-DA684884BD3C}.Debug|x64.Deploy.0 = Debug|x64
		{2F09A781-5A55-4597-A90E-DA684884BD3C}.Debug|x86.ActiveCfg = Debug|x86
		{2F09A781-5A55-4597-A90E-DA684884BD3C}.Debug|x86.Build.0 = Debug|x86
		{2F09A781-5A55-4597-A90E-DA684884BD3C}.Debug|x86.Deploy.0 = Debug|x86
		{2F09A781-5A55-4597-A90E-DA684884BD3C}.Release|Any CPU.ActiveCfg = Release|x86
		{2F09A781-5A55-4597-A90E-DA684884BD3C}.Release|ARM.ActiveCfg = Release|ARM
		{2F09A781-5A55-4597-A90E-DA684884BD3C}.Release|ARM.Build.0 = Release|ARM
		{2F09A781-5A55-4597-A90E-DA684884BD3C}.Release|ARM.Deploy.0 = Release|ARM
		{2F09A781-5A55-4597-A90E-DA684884BD3C}.Release|ARM64.ActiveCfg = Release|x86
		{2F09A781-5A55-4597-A90E-DA684884BD3C}.Release|iPhone.ActiveCfg = Release|x86
		{2F09A781-5A55-4597-A90E-DA684884BD3C}.Release|iPhoneSimulator.ActiveCfg = Release|x86
		{2F09A781-5A55-4597-A90E-DA684884BD3C}.Release|x64.ActiveCfg = Release|x64
		{2F09A781-5A55-4597-A90E-DA684884BD3C}.Release|x64.Build.0 = Release|x64
		{2F09A781-5A55-4597-A90E-DA684884BD3C}.Release|x64.Deploy.0 = Release|x64
		{2F09A781-5A55-4597-A90E-DA684884BD3C}.Release|x86.ActiveCfg = Release|x86
		{2F09A781-5A55-4597-A90E-DA684884BD3C}.Release|x86.Build.0 = Release|x86
		{2F09A781-5A55-4597-A90E-DA684884BD3C}.Release|x86.Deploy.0 = Release|x86
		{CFC126BD-C17A-4704-B294-9934CD934F39}.Ad-Hoc|Any CPU.ActiveCfg = Release|x86
		{CFC126BD-C17A-4704-B294-9934CD934F39}.Ad-Hoc|Any CPU.Build.0 = Release|x86
		{CFC126BD-C17A-4704-B294-9934CD934F39}.Ad-Hoc|Any CPU.Deploy.0 = Release|x86
		{CFC126BD-C17A-4704-B294-9934CD934F39}.Ad-Hoc|ARM.ActiveCfg = Release|ARM
		{CFC126BD-C17A-4704-B294-9934CD934F39}.Ad-Hoc|ARM.Build.0 = Release|ARM
		{CFC126BD-C17A-4704-B294-9934CD934F39}.Ad-Hoc|ARM.Deploy.0 = Release|ARM
		{CFC126BD-C17A-4704-B294-9934CD934F39}.Ad-Hoc|ARM64.ActiveCfg = Release|ARM64
		{CFC126BD-C17A-4704-B294-9934CD934F39}.Ad-Hoc|ARM64.Build.0 = Release|ARM64
		{CFC126BD-C17A-4704-B294-9934CD934F39}.Ad-Hoc|ARM64.Deploy.0 = Release|ARM64
		{CFC126BD-C17A-4704-B294-9934CD934F39}.Ad-Hoc|iPhone.ActiveCfg = Release|x86
		{CFC126BD-C17A-4704-B294-9934CD934F39}.Ad-Hoc|iPhone.Build.0 = Release|x86
		{CFC126BD-C17A-4704-B294-9934CD934F39}.Ad-Hoc|iPhone.Deploy.0 = Release|x86
		{CFC126BD-C17A-4704-B294-9934CD934F39}.Ad-Hoc|iPhoneSimulator.ActiveCfg = Release|x86
		{CFC126BD-C17A-4704-B294-9934CD934F39}.Ad-Hoc|iPhoneSimulator.Build.0 = Release|x86
		{CFC126BD-C17A-4704-B294-9934CD934F39}.Ad-Hoc|iPhoneSimulator.Deploy.0 = Release|x86
		{CFC126BD-C17A-4704-B294-9934CD934F39}.Ad-Hoc|x64.ActiveCfg = Release|x64
		{CFC126BD-C17A-4704-B294-9934CD934F39}.Ad-Hoc|x64.Build.0 = Release|x64
		{CFC126BD-C17A-4704-B294-9934CD934F39}.Ad-Hoc|x64.Deploy.0 = Release|x64
		{CFC126BD-C17A-4704-B294-9934CD934F39}.Ad-Hoc|x86.ActiveCfg = Release|x86
		{CFC126BD-C17A-4704-B294-9934CD934F39}.Ad-Hoc|x86.Build.0 = Release|x86
		{CFC126BD-C17A-4704-B294-9934CD934F39}.Ad-Hoc|x86.Deploy.0 = Release|x86
		{CFC126BD-C17A-4704-B294-9934CD934F39}.AppStore|Any CPU.ActiveCfg = Release|x86
		{CFC126BD-C17A-4704-B294-9934CD934F39}.AppStore|Any CPU.Build.0 = Release|x86
		{CFC126BD-C17A-4704-B294-9934CD934F39}.AppStore|Any CPU.Deploy.0 = Release|x86
		{CFC126BD-C17A-4704-B294-9934CD934F39}.AppStore|ARM.ActiveCfg = Release|ARM
		{CFC126BD-C17A-4704-B294-9934CD934F39}.AppStore|ARM.Build.0 = Release|ARM
		{CFC126BD-C17A-4704-B294-9934CD934F39}.AppStore|ARM.Deploy.0 = Release|ARM
		{CFC126BD-C17A-4704-B294-9934CD934F39}.AppStore|ARM64.ActiveCfg = Release|ARM64
		{CFC126BD-C17A-4704-B294-9934CD934F39}.AppStore|ARM64.Build.0 = Release|ARM64
		{CFC126BD-C17A-4704-B294-9934CD934F39}.AppStore|ARM64.Deploy.0 = Release|ARM64
		{CFC126BD-C17A-4704-B294-9934CD934F39}.AppStore|iPhone.ActiveCfg = Release|x86
		{CFC126BD-C17A-4704-B294-9934CD934F39}.AppStore|iPhone.Build.0 = Release|x86
		{CFC126BD-C17A-4704-B294-9934CD934F39}.AppStore|iPhone.Deploy.0 = Release|x86
		{CFC126BD-C17A-4704-B294-9934CD934F39}.AppStore|iPhoneSimulator.ActiveCfg = Release|x86
		{CFC126BD-C17A-4704-B294-9934CD934F39}.AppStore|iPhoneSimulator.Build.0 = Release|x86
		{CFC126BD-C17A-4704-B294-9934CD934F39}.AppStore|iPhoneSimulator.Deploy.0 = Release|x86
		{CFC126BD-C17A-4704-B294-9934CD934F39}.AppStore|x64.ActiveCfg = Release|x64
		{CFC126BD-C17A-4704-B294-9934CD934F39}.AppStore|x64.Build.0 = Release|x64
		{CFC126BD-C17A-4704-B294-9934CD934F39}.AppStore|x64.Deploy.0 = Release|x64
		{CFC126BD-C17A-4704-B294-9934CD934F39}.AppStore|x86.ActiveCfg = Release|x86
		{CFC126BD-C17A-4704-B294-9934CD934F39}.AppStore|x86.Build.0 = Release|x86
		{CFC126BD-C17A-4704-B294-9934CD934F39}.AppStore|x86.Deploy.0 = Release|x86
		{CFC126BD-C17A-4704-B294-9934CD934F39}.Debug|Any CPU.ActiveCfg = Debug|x86
		{CFC126BD-C17A-4704-B294-9934CD934F39}.Debug|ARM.ActiveCfg = Debug|ARM
		{CFC126BD-C17A-4704-B294-9934CD934F39}.Debug|ARM.Build.0 = Debug|ARM
		{CFC126BD-C17A-4704-B294-9934CD934F39}.Debug|ARM.Deploy.0 = Debug|ARM
		{CFC126BD-C17A-4704-B294-9934CD934F39}.Debug|ARM64.ActiveCfg = Debug|ARM64
		{CFC126BD-C17A-4704-B294-9934CD934F39}.Debug|ARM64.Build.0 = Debug|ARM64
		{CFC126BD-C17A-4704-B294-9934CD934F39}.Debug|ARM64.Deploy.0 = Debug|ARM64
		{CFC126BD-C17A-4704-B294-9934CD934F39}.Debug|iPhone.ActiveCfg = Debug|x86
		{CFC126BD-C17A-4704-B294-9934CD934F39}.Debug|iPhoneSimulator.ActiveCfg = Debug|x86
		{CFC126BD-C17A-4704-B294-9934CD934F39}.Debug|x64.ActiveCfg = Debug|x64
		{CFC126BD-C17A-4704-B294-9934CD934F39}.Debug|x64.Build.0 = Debug|x64
		{CFC126BD-C17A-4704-B294-9934CD934F39}.Debug|x64.Deploy.0 = Debug|x64
		{CFC126BD-C17A-4704-B294-9934CD934F39}.Debug|x86.ActiveCfg = Debug|x86
		{CFC126BD-C17A-4704-B294-9934CD934F39}.Debug|x86.Build.0 = Debug|x86
		{CFC126BD-C17A-4704-B294-9934CD934F39}.Debug|x86.Deploy.0 = Debug|x86
		{CFC126BD-C17A-4704-B294-9934CD934F39}.Release|Any CPU.ActiveCfg = Release|x86
		{CFC126BD-C17A-4704-B294-9934CD934F39}.Release|ARM.ActiveCfg = Release|ARM
		{CFC126BD-C17A-4704-B294-9934CD934F39}.Release|ARM.Build.0 = Release|ARM
		{CFC126BD-C17A-4704-B294-9934CD934F39}.Release|ARM.Deploy.0 = Release|ARM
		{CFC126BD-C17A-4704-B294-9934CD934F39}.Release|ARM64.ActiveCfg = Release|ARM64
		{CFC126BD-C17A-4704-B294-9934CD934F39}.Release|ARM64.Build.0 = Release|ARM64
		{CFC126BD-C17A-4704-B294-9934CD934F39}.Release|ARM64.Deploy.0 = Release|ARM64
		{CFC126BD-C17A-4704-B294-9934CD934F39}.Release|iPhone.ActiveCfg = Release|x86
		{CFC126BD-C17A-4704-B294-9934CD934F39}.Release|iPhoneSimulator.ActiveCfg = Release|x86
		{CFC126BD-C17A-4704-B294-9934CD934F39}.Release|x64.ActiveCfg = Release|x64
		{CFC126BD-C17A-4704-B294-9934CD934F39}.Release|x64.Build.0 = Release|x64
		{CFC126BD-C17A-4704-B294-9934CD934F39}.Release|x64.Deploy.0 = Release|x64
		{CFC126BD-C17A-4704-B294-9934CD934F39}.Release|x86.ActiveCfg = Release|x86
		{CFC126BD-C17A-4704-B294-9934CD934F39}.Release|x86.Build.0 = Release|x86
		{CFC126BD-C17A-4704-B294-9934CD934F39}.Release|x86.Deploy.0 = Release|x86
		{722A3DE8-57FB-4249-8113-7042BA51A301}.Ad-Hoc|Any CPU.ActiveCfg = Release|Any CPU
		{722A3DE8-57FB-4249-8113-7042BA51A301}.Ad-Hoc|Any CPU.Build.0 = Release|Any CPU
		{722A3DE8-57FB-4249-8113-7042BA51A301}.Ad-Hoc|Any CPU.Deploy.0 = Release|Any CPU
		{722A3DE8-57FB-4249-8113-7042BA51A301}.Ad-Hoc|ARM.ActiveCfg = Release|Any CPU
		{722A3DE8-57FB-4249-8113-7042BA51A301}.Ad-Hoc|ARM.Build.0 = Release|Any CPU
		{722A3DE8-57FB-4249-8113-7042BA51A301}.Ad-Hoc|ARM.Deploy.0 = Release|Any CPU
		{722A3DE8-57FB-4249-8113-7042BA51A301}.Ad-Hoc|ARM64.ActiveCfg = Release|Any CPU
		{722A3DE8-57FB-4249-8113-7042BA51A301}.Ad-Hoc|ARM64.Build.0 = Release|Any CPU
		{722A3DE8-57FB-4249-8113-7042BA51A301}.Ad-Hoc|ARM64.Deploy.0 = Release|Any CPU
		{722A3DE8-57FB-4249-8113-7042BA51A301}.Ad-Hoc|iPhone.ActiveCfg = Release|Any CPU
		{722A3DE8-57FB-4249-8113-7042BA51A301}.Ad-Hoc|iPhone.Build.0 = Release|Any CPU
		{722A3DE8-57FB-4249-8113-7042BA51A301}.Ad-Hoc|iPhone.Deploy.0 = Release|Any CPU
		{722A3DE8-57FB-4249-8113-7042BA51A301}.Ad-Hoc|iPhoneSimulator.ActiveCfg = Release|Any CPU
		{722A3DE8-57FB-4249-8113-7042BA51A301}.Ad-Hoc|iPhoneSimulator.Build.0 = Release|Any CPU
		{722A3DE8-57FB-4249-8113-7042BA51A301}.Ad-Hoc|iPhoneSimulator.Deploy.0 = Release|Any CPU
		{722A3DE8-57FB-4249-8113-7042BA51A301}.Ad-Hoc|x64.ActiveCfg = Release|Any CPU
		{722A3DE8-57FB-4249-8113-7042BA51A301}.Ad-Hoc|x64.Build.0 = Release|Any CPU
		{722A3DE8-57FB-4249-8113-7042BA51A301}.Ad-Hoc|x64.Deploy.0 = Release|Any CPU
		{722A3DE8-57FB-4249-8113-7042BA51A301}.Ad-Hoc|x86.ActiveCfg = Release|Any CPU
		{722A3DE8-57FB-4249-8113-7042BA51A301}.Ad-Hoc|x86.Build.0 = Release|Any CPU
		{722A3DE8-57FB-4249-8113-7042BA51A301}.Ad-Hoc|x86.Deploy.0 = Release|Any CPU
		{722A3DE8-57FB-4249-8113-7042BA51A301}.AppStore|Any CPU.ActiveCfg = Release|Any CPU
		{722A3DE8-57FB-4249-8113-7042BA51A301}.AppStore|Any CPU.Build.0 = Release|Any CPU
		{722A3DE8-57FB-4249-8113-7042BA51A301}.AppStore|Any CPU.Deploy.0 = Release|Any CPU
		{722A3DE8-57FB-4249-8113-7042BA51A301}.AppStore|ARM.ActiveCfg = Release|Any CPU
		{722A3DE8-57FB-4249-8113-7042BA51A301}.AppStore|ARM.Build.0 = Release|Any CPU
		{722A3DE8-57FB-4249-8113-7042BA51A301}.AppStore|ARM.Deploy.0 = Release|Any CPU
		{722A3DE8-57FB-4249-8113-7042BA51A301}.AppStore|ARM64.ActiveCfg = Release|Any CPU
		{722A3DE8-57FB-4249-8113-7042BA51A301}.AppStore|ARM64.Build.0 = Release|Any CPU
		{722A3DE8-57FB-4249-8113-7042BA51A301}.AppStore|ARM64.Deploy.0 = Release|Any CPU
		{722A3DE8-57FB-4249-8113-7042BA51A301}.AppStore|iPhone.ActiveCfg = Release|Any CPU
		{722A3DE8-57FB-4249-8113-7042BA51A301}.AppStore|iPhone.Build.0 = Release|Any CPU
		{722A3DE8-57FB-4249-8113-7042BA51A301}.AppStore|iPhone.Deploy.0 = Release|Any CPU
		{722A3DE8-57FB-4249-8113-7042BA51A301}.AppStore|iPhoneSimulator.ActiveCfg = Release|Any CPU
		{722A3DE8-57FB-4249-8113-7042BA51A301}.AppStore|iPhoneSimulator.Build.0 = Release|Any CPU
		{722A3DE8-57FB-4249-8113-7042BA51A301}.AppStore|iPhoneSimulator.Deploy.0 = Release|Any CPU
		{722A3DE8-57FB-4249-8113-7042BA51A301}.AppStore|x64.ActiveCfg = Release|Any CPU
		{722A3DE8-57FB-4249-8113-7042BA51A301}.AppStore|x64.Build.0 = Release|Any CPU
		{722A3DE8-57FB-4249-8113-7042BA51A301}.AppStore|x64.Deploy.0 = Release|Any CPU
		{722A3DE8-57FB-4249-8113-7042BA51A301}.AppStore|x86.ActiveCfg = Release|Any CPU
		{722A3DE8-57FB-4249-8113-7042BA51A301}.AppStore|x86.Build.0 = Release|Any CPU
		{722A3DE8-57FB-4249-8113-7042BA51A301}.AppStore|x86.Deploy.0 = Release|Any CPU
		{722A3DE8-57FB-4249-8113-7042BA51A301}.Debug|Any CPU.ActiveCfg = Debug|Any CPU
		{722A3DE8-57FB-4249-8113-7042BA51A301}.Debug|Any CPU.Build.0 = Debug|Any CPU
		{722A3DE8-57FB-4249-8113-7042BA51A301}.Debug|Any CPU.Deploy.0 = Debug|Any CPU
		{722A3DE8-57FB-4249-8113-7042BA51A301}.Debug|ARM.ActiveCfg = Debug|Any CPU
		{722A3DE8-57FB-4249-8113-7042BA51A301}.Debug|ARM.Build.0 = Debug|Any CPU
		{722A3DE8-57FB-4249-8113-7042BA51A301}.Debug|ARM.Deploy.0 = Debug|Any CPU
		{722A3DE8-57FB-4249-8113-7042BA51A301}.Debug|ARM64.ActiveCfg = Debug|Any CPU
		{722A3DE8-57FB-4249-8113-7042BA51A301}.Debug|ARM64.Build.0 = Debug|Any CPU
		{722A3DE8-57FB-4249-8113-7042BA51A301}.Debug|ARM64.Deploy.0 = Debug|Any CPU
		{722A3DE8-57FB-4249-8113-7042BA51A301}.Debug|iPhone.ActiveCfg = Debug|Any CPU
		{722A3DE8-57FB-4249-8113-7042BA51A301}.Debug|iPhone.Build.0 = Debug|Any CPU
		{722A3DE8-57FB-4249-8113-7042BA51A301}.Debug|iPhone.Deploy.0 = Debug|Any CPU
		{722A3DE8-57FB-4249-8113-7042BA51A301}.Debug|iPhoneSimulator.ActiveCfg = Debug|Any CPU
		{722A3DE8-57FB-4249-8113-7042BA51A301}.Debug|iPhoneSimulator.Build.0 = Debug|Any CPU
		{722A3DE8-57FB-4249-8113-7042BA51A301}.Debug|iPhoneSimulator.Deploy.0 = Debug|Any CPU
		{722A3DE8-57FB-4249-8113-7042BA51A301}.Debug|x64.ActiveCfg = Debug|Any CPU
		{722A3DE8-57FB-4249-8113-7042BA51A301}.Debug|x64.Build.0 = Debug|Any CPU
		{722A3DE8-57FB-4249-8113-7042BA51A301}.Debug|x64.Deploy.0 = Debug|Any CPU
		{722A3DE8-57FB-4249-8113-7042BA51A301}.Debug|x86.ActiveCfg = Debug|Any CPU
		{722A3DE8-57FB-4249-8113-7042BA51A301}.Debug|x86.Build.0 = Debug|Any CPU
		{722A3DE8-57FB-4249-8113-7042BA51A301}.Debug|x86.Deploy.0 = Debug|Any CPU
		{722A3DE8-57FB-4249-8113-7042BA51A301}.Release|Any CPU.ActiveCfg = Release|Any CPU
		{722A3DE8-57FB-4249-8113-7042BA51A301}.Release|Any CPU.Build.0 = Release|Any CPU
		{722A3DE8-57FB-4249-8113-7042BA51A301}.Release|Any CPU.Deploy.0 = Release|Any CPU
		{722A3DE8-57FB-4249-8113-7042BA51A301}.Release|ARM.ActiveCfg = Release|Any CPU
		{722A3DE8-57FB-4249-8113-7042BA51A301}.Release|ARM.Build.0 = Release|Any CPU
		{722A3DE8-57FB-4249-8113-7042BA51A301}.Release|ARM.Deploy.0 = Release|Any CPU
		{722A3DE8-57FB-4249-8113-7042BA51A301}.Release|ARM64.ActiveCfg = Release|Any CPU
		{722A3DE8-57FB-4249-8113-7042BA51A301}.Release|ARM64.Build.0 = Release|Any CPU
		{722A3DE8-57FB-4249-8113-7042BA51A301}.Release|ARM64.Deploy.0 = Release|Any CPU
		{722A3DE8-57FB-4249-8113-7042BA51A301}.Release|iPhone.ActiveCfg = Release|Any CPU
		{722A3DE8-57FB-4249-8113-7042BA51A301}.Release|iPhone.Build.0 = Release|Any CPU
		{722A3DE8-57FB-4249-8113-7042BA51A301}.Release|iPhone.Deploy.0 = Release|Any CPU
		{722A3DE8-57FB-4249-8113-7042BA51A301}.Release|iPhoneSimulator.ActiveCfg = Release|Any CPU
		{722A3DE8-57FB-4249-8113-7042BA51A301}.Release|iPhoneSimulator.Build.0 = Release|Any CPU
		{722A3DE8-57FB-4249-8113-7042BA51A301}.Release|iPhoneSimulator.Deploy.0 = Release|Any CPU
		{722A3DE8-57FB-4249-8113-7042BA51A301}.Release|x64.ActiveCfg = Release|Any CPU
		{722A3DE8-57FB-4249-8113-7042BA51A301}.Release|x64.Build.0 = Release|Any CPU
		{722A3DE8-57FB-4249-8113-7042BA51A301}.Release|x64.Deploy.0 = Release|Any CPU
		{722A3DE8-57FB-4249-8113-7042BA51A301}.Release|x86.ActiveCfg = Release|Any CPU
		{722A3DE8-57FB-4249-8113-7042BA51A301}.Release|x86.Build.0 = Release|Any CPU
		{722A3DE8-57FB-4249-8113-7042BA51A301}.Release|x86.Deploy.0 = Release|Any CPU
		{DBD4DBE0-3B3A-4C4D-94AA-F05C3E539BB7}.Ad-Hoc|Any CPU.ActiveCfg = Ad-Hoc|iPhone
		{DBD4DBE0-3B3A-4C4D-94AA-F05C3E539BB7}.Ad-Hoc|ARM.ActiveCfg = Ad-Hoc|iPhone
		{DBD4DBE0-3B3A-4C4D-94AA-F05C3E539BB7}.Ad-Hoc|ARM64.ActiveCfg = Ad-Hoc|iPhone
		{DBD4DBE0-3B3A-4C4D-94AA-F05C3E539BB7}.Ad-Hoc|iPhone.ActiveCfg = Ad-Hoc|iPhone
		{DBD4DBE0-3B3A-4C4D-94AA-F05C3E539BB7}.Ad-Hoc|iPhone.Build.0 = Ad-Hoc|iPhone
		{DBD4DBE0-3B3A-4C4D-94AA-F05C3E539BB7}.Ad-Hoc|iPhoneSimulator.ActiveCfg = Ad-Hoc|iPhoneSimulator
		{DBD4DBE0-3B3A-4C4D-94AA-F05C3E539BB7}.Ad-Hoc|iPhoneSimulator.Build.0 = Ad-Hoc|iPhoneSimulator
		{DBD4DBE0-3B3A-4C4D-94AA-F05C3E539BB7}.Ad-Hoc|x64.ActiveCfg = Ad-Hoc|iPhone
		{DBD4DBE0-3B3A-4C4D-94AA-F05C3E539BB7}.Ad-Hoc|x86.ActiveCfg = Ad-Hoc|iPhone
		{DBD4DBE0-3B3A-4C4D-94AA-F05C3E539BB7}.AppStore|Any CPU.ActiveCfg = AppStore|iPhone
		{DBD4DBE0-3B3A-4C4D-94AA-F05C3E539BB7}.AppStore|ARM.ActiveCfg = AppStore|iPhone
		{DBD4DBE0-3B3A-4C4D-94AA-F05C3E539BB7}.AppStore|ARM64.ActiveCfg = AppStore|iPhone
		{DBD4DBE0-3B3A-4C4D-94AA-F05C3E539BB7}.AppStore|iPhone.ActiveCfg = AppStore|iPhone
		{DBD4DBE0-3B3A-4C4D-94AA-F05C3E539BB7}.AppStore|iPhone.Build.0 = AppStore|iPhone
		{DBD4DBE0-3B3A-4C4D-94AA-F05C3E539BB7}.AppStore|iPhoneSimulator.ActiveCfg = AppStore|iPhoneSimulator
		{DBD4DBE0-3B3A-4C4D-94AA-F05C3E539BB7}.AppStore|iPhoneSimulator.Build.0 = AppStore|iPhoneSimulator
		{DBD4DBE0-3B3A-4C4D-94AA-F05C3E539BB7}.AppStore|x64.ActiveCfg = AppStore|iPhone
		{DBD4DBE0-3B3A-4C4D-94AA-F05C3E539BB7}.AppStore|x86.ActiveCfg = AppStore|iPhone
		{DBD4DBE0-3B3A-4C4D-94AA-F05C3E539BB7}.Debug|Any CPU.ActiveCfg = Debug|iPhone
		{DBD4DBE0-3B3A-4C4D-94AA-F05C3E539BB7}.Debug|ARM.ActiveCfg = Debug|iPhone
		{DBD4DBE0-3B3A-4C4D-94AA-F05C3E539BB7}.Debug|ARM64.ActiveCfg = Debug|iPhone
		{DBD4DBE0-3B3A-4C4D-94AA-F05C3E539BB7}.Debug|iPhone.ActiveCfg = Debug|iPhone
		{DBD4DBE0-3B3A-4C4D-94AA-F05C3E539BB7}.Debug|iPhone.Build.0 = Debug|iPhone
		{DBD4DBE0-3B3A-4C4D-94AA-F05C3E539BB7}.Debug|iPhoneSimulator.ActiveCfg = Debug|iPhoneSimulator
		{DBD4DBE0-3B3A-4C4D-94AA-F05C3E539BB7}.Debug|iPhoneSimulator.Build.0 = Debug|iPhoneSimulator
		{DBD4DBE0-3B3A-4C4D-94AA-F05C3E539BB7}.Debug|x64.ActiveCfg = Debug|iPhone
		{DBD4DBE0-3B3A-4C4D-94AA-F05C3E539BB7}.Debug|x86.ActiveCfg = Debug|iPhone
		{DBD4DBE0-3B3A-4C4D-94AA-F05C3E539BB7}.Release|Any CPU.ActiveCfg = Release|iPhone
		{DBD4DBE0-3B3A-4C4D-94AA-F05C3E539BB7}.Release|ARM.ActiveCfg = Release|iPhone
		{DBD4DBE0-3B3A-4C4D-94AA-F05C3E539BB7}.Release|ARM64.ActiveCfg = Release|iPhone
		{DBD4DBE0-3B3A-4C4D-94AA-F05C3E539BB7}.Release|iPhone.ActiveCfg = Release|iPhone
		{DBD4DBE0-3B3A-4C4D-94AA-F05C3E539BB7}.Release|iPhone.Build.0 = Release|iPhone
		{DBD4DBE0-3B3A-4C4D-94AA-F05C3E539BB7}.Release|iPhoneSimulator.ActiveCfg = Release|iPhoneSimulator
		{DBD4DBE0-3B3A-4C4D-94AA-F05C3E539BB7}.Release|iPhoneSimulator.Build.0 = Release|iPhoneSimulator
		{DBD4DBE0-3B3A-4C4D-94AA-F05C3E539BB7}.Release|x64.ActiveCfg = Release|iPhone
		{DBD4DBE0-3B3A-4C4D-94AA-F05C3E539BB7}.Release|x86.ActiveCfg = Release|iPhone
		{46F98B83-CCA2-4BE5-BABA-BE11C4CDF7AC}.Ad-Hoc|Any CPU.ActiveCfg = Release|x64
		{46F98B83-CCA2-4BE5-BABA-BE11C4CDF7AC}.Ad-Hoc|Any CPU.Build.0 = Release|x64
		{46F98B83-CCA2-4BE5-BABA-BE11C4CDF7AC}.Ad-Hoc|Any CPU.Deploy.0 = Release|x64
		{46F98B83-CCA2-4BE5-BABA-BE11C4CDF7AC}.Ad-Hoc|ARM.ActiveCfg = Release|ARM
		{46F98B83-CCA2-4BE5-BABA-BE11C4CDF7AC}.Ad-Hoc|ARM.Build.0 = Release|ARM
		{46F98B83-CCA2-4BE5-BABA-BE11C4CDF7AC}.Ad-Hoc|ARM.Deploy.0 = Release|ARM
		{46F98B83-CCA2-4BE5-BABA-BE11C4CDF7AC}.Ad-Hoc|ARM64.ActiveCfg = Release|x64
		{46F98B83-CCA2-4BE5-BABA-BE11C4CDF7AC}.Ad-Hoc|ARM64.Build.0 = Release|x64
		{46F98B83-CCA2-4BE5-BABA-BE11C4CDF7AC}.Ad-Hoc|ARM64.Deploy.0 = Release|x64
		{46F98B83-CCA2-4BE5-BABA-BE11C4CDF7AC}.Ad-Hoc|iPhone.ActiveCfg = Release|x64
		{46F98B83-CCA2-4BE5-BABA-BE11C4CDF7AC}.Ad-Hoc|iPhone.Build.0 = Release|x64
		{46F98B83-CCA2-4BE5-BABA-BE11C4CDF7AC}.Ad-Hoc|iPhone.Deploy.0 = Release|x64
		{46F98B83-CCA2-4BE5-BABA-BE11C4CDF7AC}.Ad-Hoc|iPhoneSimulator.ActiveCfg = Release|x64
		{46F98B83-CCA2-4BE5-BABA-BE11C4CDF7AC}.Ad-Hoc|iPhoneSimulator.Build.0 = Release|x64
		{46F98B83-CCA2-4BE5-BABA-BE11C4CDF7AC}.Ad-Hoc|iPhoneSimulator.Deploy.0 = Release|x64
		{46F98B83-CCA2-4BE5-BABA-BE11C4CDF7AC}.Ad-Hoc|x64.ActiveCfg = Release|x64
		{46F98B83-CCA2-4BE5-BABA-BE11C4CDF7AC}.Ad-Hoc|x64.Build.0 = Release|x64
		{46F98B83-CCA2-4BE5-BABA-BE11C4CDF7AC}.Ad-Hoc|x64.Deploy.0 = Release|x64
		{46F98B83-CCA2-4BE5-BABA-BE11C4CDF7AC}.Ad-Hoc|x86.ActiveCfg = Release|x86
		{46F98B83-CCA2-4BE5-BABA-BE11C4CDF7AC}.Ad-Hoc|x86.Build.0 = Release|x86
		{46F98B83-CCA2-4BE5-BABA-BE11C4CDF7AC}.Ad-Hoc|x86.Deploy.0 = Release|x86
		{46F98B83-CCA2-4BE5-BABA-BE11C4CDF7AC}.AppStore|Any CPU.ActiveCfg = Release|x64
		{46F98B83-CCA2-4BE5-BABA-BE11C4CDF7AC}.AppStore|Any CPU.Build.0 = Release|x64
		{46F98B83-CCA2-4BE5-BABA-BE11C4CDF7AC}.AppStore|Any CPU.Deploy.0 = Release|x64
		{46F98B83-CCA2-4BE5-BABA-BE11C4CDF7AC}.AppStore|ARM.ActiveCfg = Release|ARM
		{46F98B83-CCA2-4BE5-BABA-BE11C4CDF7AC}.AppStore|ARM.Build.0 = Release|ARM
		{46F98B83-CCA2-4BE5-BABA-BE11C4CDF7AC}.AppStore|ARM.Deploy.0 = Release|ARM
		{46F98B83-CCA2-4BE5-BABA-BE11C4CDF7AC}.AppStore|ARM64.ActiveCfg = Release|x64
		{46F98B83-CCA2-4BE5-BABA-BE11C4CDF7AC}.AppStore|ARM64.Build.0 = Release|x64
		{46F98B83-CCA2-4BE5-BABA-BE11C4CDF7AC}.AppStore|ARM64.Deploy.0 = Release|x64
		{46F98B83-CCA2-4BE5-BABA-BE11C4CDF7AC}.AppStore|iPhone.ActiveCfg = Release|x64
		{46F98B83-CCA2-4BE5-BABA-BE11C4CDF7AC}.AppStore|iPhone.Build.0 = Release|x64
		{46F98B83-CCA2-4BE5-BABA-BE11C4CDF7AC}.AppStore|iPhone.Deploy.0 = Release|x64
		{46F98B83-CCA2-4BE5-BABA-BE11C4CDF7AC}.AppStore|iPhoneSimulator.ActiveCfg = Release|x64
		{46F98B83-CCA2-4BE5-BABA-BE11C4CDF7AC}.AppStore|iPhoneSimulator.Build.0 = Release|x64
		{46F98B83-CCA2-4BE5-BABA-BE11C4CDF7AC}.AppStore|iPhoneSimulator.Deploy.0 = Release|x64
		{46F98B83-CCA2-4BE5-BABA-BE11C4CDF7AC}.AppStore|x64.ActiveCfg = Release|x64
		{46F98B83-CCA2-4BE5-BABA-BE11C4CDF7AC}.AppStore|x64.Build.0 = Release|x64
		{46F98B83-CCA2-4BE5-BABA-BE11C4CDF7AC}.AppStore|x64.Deploy.0 = Release|x64
		{46F98B83-CCA2-4BE5-BABA-BE11C4CDF7AC}.AppStore|x86.ActiveCfg = Release|x86
		{46F98B83-CCA2-4BE5-BABA-BE11C4CDF7AC}.AppStore|x86.Build.0 = Release|x86
		{46F98B83-CCA2-4BE5-BABA-BE11C4CDF7AC}.AppStore|x86.Deploy.0 = Release|x86
		{46F98B83-CCA2-4BE5-BABA-BE11C4CDF7AC}.Debug|Any CPU.ActiveCfg = Debug|x86
		{46F98B83-CCA2-4BE5-BABA-BE11C4CDF7AC}.Debug|ARM.ActiveCfg = Debug|ARM
		{46F98B83-CCA2-4BE5-BABA-BE11C4CDF7AC}.Debug|ARM.Build.0 = Debug|ARM
		{46F98B83-CCA2-4BE5-BABA-BE11C4CDF7AC}.Debug|ARM.Deploy.0 = Debug|ARM
		{46F98B83-CCA2-4BE5-BABA-BE11C4CDF7AC}.Debug|ARM64.ActiveCfg = Debug|x86
		{46F98B83-CCA2-4BE5-BABA-BE11C4CDF7AC}.Debug|iPhone.ActiveCfg = Debug|x86
		{46F98B83-CCA2-4BE5-BABA-BE11C4CDF7AC}.Debug|iPhoneSimulator.ActiveCfg = Debug|x86
		{46F98B83-CCA2-4BE5-BABA-BE11C4CDF7AC}.Debug|x64.ActiveCfg = Debug|x64
		{46F98B83-CCA2-4BE5-BABA-BE11C4CDF7AC}.Debug|x64.Build.0 = Debug|x64
		{46F98B83-CCA2-4BE5-BABA-BE11C4CDF7AC}.Debug|x64.Deploy.0 = Debug|x64
		{46F98B83-CCA2-4BE5-BABA-BE11C4CDF7AC}.Debug|x86.ActiveCfg = Debug|x86
		{46F98B83-CCA2-4BE5-BABA-BE11C4CDF7AC}.Debug|x86.Build.0 = Debug|x86
		{46F98B83-CCA2-4BE5-BABA-BE11C4CDF7AC}.Debug|x86.Deploy.0 = Debug|x86
		{46F98B83-CCA2-4BE5-BABA-BE11C4CDF7AC}.Release|Any CPU.ActiveCfg = Release|x86
		{46F98B83-CCA2-4BE5-BABA-BE11C4CDF7AC}.Release|ARM.ActiveCfg = Release|ARM
		{46F98B83-CCA2-4BE5-BABA-BE11C4CDF7AC}.Release|ARM.Build.0 = Release|ARM
		{46F98B83-CCA2-4BE5-BABA-BE11C4CDF7AC}.Release|ARM.Deploy.0 = Release|ARM
		{46F98B83-CCA2-4BE5-BABA-BE11C4CDF7AC}.Release|ARM64.ActiveCfg = Release|x86
		{46F98B83-CCA2-4BE5-BABA-BE11C4CDF7AC}.Release|iPhone.ActiveCfg = Release|x86
		{46F98B83-CCA2-4BE5-BABA-BE11C4CDF7AC}.Release|iPhoneSimulator.ActiveCfg = Release|x86
		{46F98B83-CCA2-4BE5-BABA-BE11C4CDF7AC}.Release|x64.ActiveCfg = Release|x64
		{46F98B83-CCA2-4BE5-BABA-BE11C4CDF7AC}.Release|x64.Build.0 = Release|x64
		{46F98B83-CCA2-4BE5-BABA-BE11C4CDF7AC}.Release|x64.Deploy.0 = Release|x64
		{46F98B83-CCA2-4BE5-BABA-BE11C4CDF7AC}.Release|x86.ActiveCfg = Release|x86
		{46F98B83-CCA2-4BE5-BABA-BE11C4CDF7AC}.Release|x86.Build.0 = Release|x86
		{46F98B83-CCA2-4BE5-BABA-BE11C4CDF7AC}.Release|x86.Deploy.0 = Release|x86
		{8FB4D0CA-E014-453F-88B0-A04CBB2C8245}.Ad-Hoc|Any CPU.ActiveCfg = Release|Any CPU
		{8FB4D0CA-E014-453F-88B0-A04CBB2C8245}.Ad-Hoc|Any CPU.Build.0 = Release|Any CPU
		{8FB4D0CA-E014-453F-88B0-A04CBB2C8245}.Ad-Hoc|Any CPU.Deploy.0 = Release|Any CPU
		{8FB4D0CA-E014-453F-88B0-A04CBB2C8245}.Ad-Hoc|ARM.ActiveCfg = Release|Any CPU
		{8FB4D0CA-E014-453F-88B0-A04CBB2C8245}.Ad-Hoc|ARM.Build.0 = Release|Any CPU
		{8FB4D0CA-E014-453F-88B0-A04CBB2C8245}.Ad-Hoc|ARM.Deploy.0 = Release|Any CPU
		{8FB4D0CA-E014-453F-88B0-A04CBB2C8245}.Ad-Hoc|ARM64.ActiveCfg = Release|Any CPU
		{8FB4D0CA-E014-453F-88B0-A04CBB2C8245}.Ad-Hoc|ARM64.Build.0 = Release|Any CPU
		{8FB4D0CA-E014-453F-88B0-A04CBB2C8245}.Ad-Hoc|ARM64.Deploy.0 = Release|Any CPU
		{8FB4D0CA-E014-453F-88B0-A04CBB2C8245}.Ad-Hoc|iPhone.ActiveCfg = Release|Any CPU
		{8FB4D0CA-E014-453F-88B0-A04CBB2C8245}.Ad-Hoc|iPhone.Build.0 = Release|Any CPU
		{8FB4D0CA-E014-453F-88B0-A04CBB2C8245}.Ad-Hoc|iPhone.Deploy.0 = Release|Any CPU
		{8FB4D0CA-E014-453F-88B0-A04CBB2C8245}.Ad-Hoc|iPhoneSimulator.ActiveCfg = Release|Any CPU
		{8FB4D0CA-E014-453F-88B0-A04CBB2C8245}.Ad-Hoc|iPhoneSimulator.Build.0 = Release|Any CPU
		{8FB4D0CA-E014-453F-88B0-A04CBB2C8245}.Ad-Hoc|iPhoneSimulator.Deploy.0 = Release|Any CPU
		{8FB4D0CA-E014-453F-88B0-A04CBB2C8245}.Ad-Hoc|x64.ActiveCfg = Release|Any CPU
		{8FB4D0CA-E014-453F-88B0-A04CBB2C8245}.Ad-Hoc|x64.Build.0 = Release|Any CPU
		{8FB4D0CA-E014-453F-88B0-A04CBB2C8245}.Ad-Hoc|x64.Deploy.0 = Release|Any CPU
		{8FB4D0CA-E014-453F-88B0-A04CBB2C8245}.Ad-Hoc|x86.ActiveCfg = Release|Any CPU
		{8FB4D0CA-E014-453F-88B0-A04CBB2C8245}.Ad-Hoc|x86.Build.0 = Release|Any CPU
		{8FB4D0CA-E014-453F-88B0-A04CBB2C8245}.Ad-Hoc|x86.Deploy.0 = Release|Any CPU
		{8FB4D0CA-E014-453F-88B0-A04CBB2C8245}.AppStore|Any CPU.ActiveCfg = Release|Any CPU
		{8FB4D0CA-E014-453F-88B0-A04CBB2C8245}.AppStore|Any CPU.Build.0 = Release|Any CPU
		{8FB4D0CA-E014-453F-88B0-A04CBB2C8245}.AppStore|Any CPU.Deploy.0 = Release|Any CPU
		{8FB4D0CA-E014-453F-88B0-A04CBB2C8245}.AppStore|ARM.ActiveCfg = Release|Any CPU
		{8FB4D0CA-E014-453F-88B0-A04CBB2C8245}.AppStore|ARM.Build.0 = Release|Any CPU
		{8FB4D0CA-E014-453F-88B0-A04CBB2C8245}.AppStore|ARM.Deploy.0 = Release|Any CPU
		{8FB4D0CA-E014-453F-88B0-A04CBB2C8245}.AppStore|ARM64.ActiveCfg = Release|Any CPU
		{8FB4D0CA-E014-453F-88B0-A04CBB2C8245}.AppStore|ARM64.Build.0 = Release|Any CPU
		{8FB4D0CA-E014-453F-88B0-A04CBB2C8245}.AppStore|ARM64.Deploy.0 = Release|Any CPU
		{8FB4D0CA-E014-453F-88B0-A04CBB2C8245}.AppStore|iPhone.ActiveCfg = Release|Any CPU
		{8FB4D0CA-E014-453F-88B0-A04CBB2C8245}.AppStore|iPhone.Build.0 = Release|Any CPU
		{8FB4D0CA-E014-453F-88B0-A04CBB2C8245}.AppStore|iPhone.Deploy.0 = Release|Any CPU
		{8FB4D0CA-E014-453F-88B0-A04CBB2C8245}.AppStore|iPhoneSimulator.ActiveCfg = Release|Any CPU
		{8FB4D0CA-E014-453F-88B0-A04CBB2C8245}.AppStore|iPhoneSimulator.Build.0 = Release|Any CPU
		{8FB4D0CA-E014-453F-88B0-A04CBB2C8245}.AppStore|iPhoneSimulator.Deploy.0 = Release|Any CPU
		{8FB4D0CA-E014-453F-88B0-A04CBB2C8245}.AppStore|x64.ActiveCfg = Release|Any CPU
		{8FB4D0CA-E014-453F-88B0-A04CBB2C8245}.AppStore|x64.Build.0 = Release|Any CPU
		{8FB4D0CA-E014-453F-88B0-A04CBB2C8245}.AppStore|x64.Deploy.0 = Release|Any CPU
		{8FB4D0CA-E014-453F-88B0-A04CBB2C8245}.AppStore|x86.ActiveCfg = Release|Any CPU
		{8FB4D0CA-E014-453F-88B0-A04CBB2C8245}.AppStore|x86.Build.0 = Release|Any CPU
		{8FB4D0CA-E014-453F-88B0-A04CBB2C8245}.AppStore|x86.Deploy.0 = Release|Any CPU
		{8FB4D0CA-E014-453F-88B0-A04CBB2C8245}.Debug|Any CPU.ActiveCfg = Debug|Any CPU
		{8FB4D0CA-E014-453F-88B0-A04CBB2C8245}.Debug|Any CPU.Build.0 = Debug|Any CPU
		{8FB4D0CA-E014-453F-88B0-A04CBB2C8245}.Debug|Any CPU.Deploy.0 = Debug|Any CPU
		{8FB4D0CA-E014-453F-88B0-A04CBB2C8245}.Debug|ARM.ActiveCfg = Debug|Any CPU
		{8FB4D0CA-E014-453F-88B0-A04CBB2C8245}.Debug|ARM.Build.0 = Debug|Any CPU
		{8FB4D0CA-E014-453F-88B0-A04CBB2C8245}.Debug|ARM.Deploy.0 = Debug|Any CPU
		{8FB4D0CA-E014-453F-88B0-A04CBB2C8245}.Debug|ARM64.ActiveCfg = Debug|Any CPU
		{8FB4D0CA-E014-453F-88B0-A04CBB2C8245}.Debug|ARM64.Build.0 = Debug|Any CPU
		{8FB4D0CA-E014-453F-88B0-A04CBB2C8245}.Debug|ARM64.Deploy.0 = Debug|Any CPU
		{8FB4D0CA-E014-453F-88B0-A04CBB2C8245}.Debug|iPhone.ActiveCfg = Debug|Any CPU
		{8FB4D0CA-E014-453F-88B0-A04CBB2C8245}.Debug|iPhone.Build.0 = Debug|Any CPU
		{8FB4D0CA-E014-453F-88B0-A04CBB2C8245}.Debug|iPhone.Deploy.0 = Debug|Any CPU
		{8FB4D0CA-E014-453F-88B0-A04CBB2C8245}.Debug|iPhoneSimulator.ActiveCfg = Debug|Any CPU
		{8FB4D0CA-E014-453F-88B0-A04CBB2C8245}.Debug|iPhoneSimulator.Build.0 = Debug|Any CPU
		{8FB4D0CA-E014-453F-88B0-A04CBB2C8245}.Debug|iPhoneSimulator.Deploy.0 = Debug|Any CPU
		{8FB4D0CA-E014-453F-88B0-A04CBB2C8245}.Debug|x64.ActiveCfg = Debug|Any CPU
		{8FB4D0CA-E014-453F-88B0-A04CBB2C8245}.Debug|x64.Build.0 = Debug|Any CPU
		{8FB4D0CA-E014-453F-88B0-A04CBB2C8245}.Debug|x64.Deploy.0 = Debug|Any CPU
		{8FB4D0CA-E014-453F-88B0-A04CBB2C8245}.Debug|x86.ActiveCfg = Debug|Any CPU
		{8FB4D0CA-E014-453F-88B0-A04CBB2C8245}.Debug|x86.Build.0 = Debug|Any CPU
		{8FB4D0CA-E014-453F-88B0-A04CBB2C8245}.Debug|x86.Deploy.0 = Debug|Any CPU
		{8FB4D0CA-E014-453F-88B0-A04CBB2C8245}.Release|Any CPU.ActiveCfg = Release|Any CPU
		{8FB4D0CA-E014-453F-88B0-A04CBB2C8245}.Release|Any CPU.Build.0 = Release|Any CPU
		{8FB4D0CA-E014-453F-88B0-A04CBB2C8245}.Release|Any CPU.Deploy.0 = Release|Any CPU
		{8FB4D0CA-E014-453F-88B0-A04CBB2C8245}.Release|ARM.ActiveCfg = Release|Any CPU
		{8FB4D0CA-E014-453F-88B0-A04CBB2C8245}.Release|ARM.Build.0 = Release|Any CPU
		{8FB4D0CA-E014-453F-88B0-A04CBB2C8245}.Release|ARM.Deploy.0 = Release|Any CPU
		{8FB4D0CA-E014-453F-88B0-A04CBB2C8245}.Release|ARM64.ActiveCfg = Release|Any CPU
		{8FB4D0CA-E014-453F-88B0-A04CBB2C8245}.Release|ARM64.Build.0 = Release|Any CPU
		{8FB4D0CA-E014-453F-88B0-A04CBB2C8245}.Release|ARM64.Deploy.0 = Release|Any CPU
		{8FB4D0CA-E014-453F-88B0-A04CBB2C8245}.Release|iPhone.ActiveCfg = Release|Any CPU
		{8FB4D0CA-E014-453F-88B0-A04CBB2C8245}.Release|iPhone.Build.0 = Release|Any CPU
		{8FB4D0CA-E014-453F-88B0-A04CBB2C8245}.Release|iPhone.Deploy.0 = Release|Any CPU
		{8FB4D0CA-E014-453F-88B0-A04CBB2C8245}.Release|iPhoneSimulator.ActiveCfg = Release|Any CPU
		{8FB4D0CA-E014-453F-88B0-A04CBB2C8245}.Release|iPhoneSimulator.Build.0 = Release|Any CPU
		{8FB4D0CA-E014-453F-88B0-A04CBB2C8245}.Release|iPhoneSimulator.Deploy.0 = Release|Any CPU
		{8FB4D0CA-E014-453F-88B0-A04CBB2C8245}.Release|x64.ActiveCfg = Release|Any CPU
		{8FB4D0CA-E014-453F-88B0-A04CBB2C8245}.Release|x64.Build.0 = Release|Any CPU
		{8FB4D0CA-E014-453F-88B0-A04CBB2C8245}.Release|x64.Deploy.0 = Release|Any CPU
		{8FB4D0CA-E014-453F-88B0-A04CBB2C8245}.Release|x86.ActiveCfg = Release|Any CPU
		{8FB4D0CA-E014-453F-88B0-A04CBB2C8245}.Release|x86.Build.0 = Release|Any CPU
		{8FB4D0CA-E014-453F-88B0-A04CBB2C8245}.Release|x86.Deploy.0 = Release|Any CPU
		{9FE3D726-A897-4308-AE34-F11286DDA2FF}.Ad-Hoc|Any CPU.ActiveCfg = Ad-Hoc|iPhone
		{9FE3D726-A897-4308-AE34-F11286DDA2FF}.Ad-Hoc|ARM.ActiveCfg = Ad-Hoc|iPhone
		{9FE3D726-A897-4308-AE34-F11286DDA2FF}.Ad-Hoc|ARM64.ActiveCfg = Ad-Hoc|iPhone
		{9FE3D726-A897-4308-AE34-F11286DDA2FF}.Ad-Hoc|iPhone.ActiveCfg = Ad-Hoc|iPhone
		{9FE3D726-A897-4308-AE34-F11286DDA2FF}.Ad-Hoc|iPhone.Build.0 = Ad-Hoc|iPhone
		{9FE3D726-A897-4308-AE34-F11286DDA2FF}.Ad-Hoc|iPhoneSimulator.ActiveCfg = Ad-Hoc|iPhoneSimulator
		{9FE3D726-A897-4308-AE34-F11286DDA2FF}.Ad-Hoc|iPhoneSimulator.Build.0 = Ad-Hoc|iPhoneSimulator
		{9FE3D726-A897-4308-AE34-F11286DDA2FF}.Ad-Hoc|x64.ActiveCfg = Ad-Hoc|iPhone
		{9FE3D726-A897-4308-AE34-F11286DDA2FF}.Ad-Hoc|x86.ActiveCfg = Ad-Hoc|iPhone
		{9FE3D726-A897-4308-AE34-F11286DDA2FF}.AppStore|Any CPU.ActiveCfg = AppStore|iPhone
		{9FE3D726-A897-4308-AE34-F11286DDA2FF}.AppStore|ARM.ActiveCfg = AppStore|iPhone
		{9FE3D726-A897-4308-AE34-F11286DDA2FF}.AppStore|ARM64.ActiveCfg = AppStore|iPhone
		{9FE3D726-A897-4308-AE34-F11286DDA2FF}.AppStore|iPhone.ActiveCfg = AppStore|iPhone
		{9FE3D726-A897-4308-AE34-F11286DDA2FF}.AppStore|iPhone.Build.0 = AppStore|iPhone
		{9FE3D726-A897-4308-AE34-F11286DDA2FF}.AppStore|iPhoneSimulator.ActiveCfg = AppStore|iPhoneSimulator
		{9FE3D726-A897-4308-AE34-F11286DDA2FF}.AppStore|iPhoneSimulator.Build.0 = AppStore|iPhoneSimulator
		{9FE3D726-A897-4308-AE34-F11286DDA2FF}.AppStore|x64.ActiveCfg = AppStore|iPhone
		{9FE3D726-A897-4308-AE34-F11286DDA2FF}.AppStore|x86.ActiveCfg = AppStore|iPhone
		{9FE3D726-A897-4308-AE34-F11286DDA2FF}.Debug|Any CPU.ActiveCfg = Debug|iPhone
		{9FE3D726-A897-4308-AE34-F11286DDA2FF}.Debug|ARM.ActiveCfg = Debug|iPhone
		{9FE3D726-A897-4308-AE34-F11286DDA2FF}.Debug|ARM64.ActiveCfg = Debug|iPhone
		{9FE3D726-A897-4308-AE34-F11286DDA2FF}.Debug|iPhone.ActiveCfg = Debug|iPhone
		{9FE3D726-A897-4308-AE34-F11286DDA2FF}.Debug|iPhone.Build.0 = Debug|iPhone
		{9FE3D726-A897-4308-AE34-F11286DDA2FF}.Debug|iPhoneSimulator.ActiveCfg = Debug|iPhoneSimulator
		{9FE3D726-A897-4308-AE34-F11286DDA2FF}.Debug|iPhoneSimulator.Build.0 = Debug|iPhoneSimulator
		{9FE3D726-A897-4308-AE34-F11286DDA2FF}.Debug|x64.ActiveCfg = Debug|iPhone
		{9FE3D726-A897-4308-AE34-F11286DDA2FF}.Debug|x86.ActiveCfg = Debug|iPhone
		{9FE3D726-A897-4308-AE34-F11286DDA2FF}.Release|Any CPU.ActiveCfg = Release|iPhone
		{9FE3D726-A897-4308-AE34-F11286DDA2FF}.Release|ARM.ActiveCfg = Release|iPhone
		{9FE3D726-A897-4308-AE34-F11286DDA2FF}.Release|ARM64.ActiveCfg = Release|iPhone
		{9FE3D726-A897-4308-AE34-F11286DDA2FF}.Release|iPhone.ActiveCfg = Release|iPhone
		{9FE3D726-A897-4308-AE34-F11286DDA2FF}.Release|iPhone.Build.0 = Release|iPhone
		{9FE3D726-A897-4308-AE34-F11286DDA2FF}.Release|iPhoneSimulator.ActiveCfg = Release|iPhoneSimulator
		{9FE3D726-A897-4308-AE34-F11286DDA2FF}.Release|iPhoneSimulator.Build.0 = Release|iPhoneSimulator
		{9FE3D726-A897-4308-AE34-F11286DDA2FF}.Release|x64.ActiveCfg = Release|iPhone
		{9FE3D726-A897-4308-AE34-F11286DDA2FF}.Release|x86.ActiveCfg = Release|iPhone
		{CA6DB573-1358-4D27-A4F0-29D04BD1DD01}.Ad-Hoc|Any CPU.ActiveCfg = Release|x64
		{CA6DB573-1358-4D27-A4F0-29D04BD1DD01}.Ad-Hoc|Any CPU.Build.0 = Release|x64
		{CA6DB573-1358-4D27-A4F0-29D04BD1DD01}.Ad-Hoc|Any CPU.Deploy.0 = Release|x64
		{CA6DB573-1358-4D27-A4F0-29D04BD1DD01}.Ad-Hoc|ARM.ActiveCfg = Release|ARM
		{CA6DB573-1358-4D27-A4F0-29D04BD1DD01}.Ad-Hoc|ARM.Build.0 = Release|ARM
		{CA6DB573-1358-4D27-A4F0-29D04BD1DD01}.Ad-Hoc|ARM.Deploy.0 = Release|ARM
		{CA6DB573-1358-4D27-A4F0-29D04BD1DD01}.Ad-Hoc|ARM64.ActiveCfg = Release|ARM64
		{CA6DB573-1358-4D27-A4F0-29D04BD1DD01}.Ad-Hoc|ARM64.Build.0 = Release|ARM64
		{CA6DB573-1358-4D27-A4F0-29D04BD1DD01}.Ad-Hoc|ARM64.Deploy.0 = Release|ARM64
		{CA6DB573-1358-4D27-A4F0-29D04BD1DD01}.Ad-Hoc|iPhone.ActiveCfg = Release|x64
		{CA6DB573-1358-4D27-A4F0-29D04BD1DD01}.Ad-Hoc|iPhone.Build.0 = Release|x64
		{CA6DB573-1358-4D27-A4F0-29D04BD1DD01}.Ad-Hoc|iPhone.Deploy.0 = Release|x64
		{CA6DB573-1358-4D27-A4F0-29D04BD1DD01}.Ad-Hoc|iPhoneSimulator.ActiveCfg = Release|x64
		{CA6DB573-1358-4D27-A4F0-29D04BD1DD01}.Ad-Hoc|iPhoneSimulator.Build.0 = Release|x64
		{CA6DB573-1358-4D27-A4F0-29D04BD1DD01}.Ad-Hoc|iPhoneSimulator.Deploy.0 = Release|x64
		{CA6DB573-1358-4D27-A4F0-29D04BD1DD01}.Ad-Hoc|x64.ActiveCfg = Release|x64
		{CA6DB573-1358-4D27-A4F0-29D04BD1DD01}.Ad-Hoc|x64.Build.0 = Release|x64
		{CA6DB573-1358-4D27-A4F0-29D04BD1DD01}.Ad-Hoc|x64.Deploy.0 = Release|x64
		{CA6DB573-1358-4D27-A4F0-29D04BD1DD01}.Ad-Hoc|x86.ActiveCfg = Release|x86
		{CA6DB573-1358-4D27-A4F0-29D04BD1DD01}.Ad-Hoc|x86.Build.0 = Release|x86
		{CA6DB573-1358-4D27-A4F0-29D04BD1DD01}.Ad-Hoc|x86.Deploy.0 = Release|x86
		{CA6DB573-1358-4D27-A4F0-29D04BD1DD01}.AppStore|Any CPU.ActiveCfg = Release|x64
		{CA6DB573-1358-4D27-A4F0-29D04BD1DD01}.AppStore|Any CPU.Build.0 = Release|x64
		{CA6DB573-1358-4D27-A4F0-29D04BD1DD01}.AppStore|Any CPU.Deploy.0 = Release|x64
		{CA6DB573-1358-4D27-A4F0-29D04BD1DD01}.AppStore|ARM.ActiveCfg = Release|ARM
		{CA6DB573-1358-4D27-A4F0-29D04BD1DD01}.AppStore|ARM.Build.0 = Release|ARM
		{CA6DB573-1358-4D27-A4F0-29D04BD1DD01}.AppStore|ARM.Deploy.0 = Release|ARM
		{CA6DB573-1358-4D27-A4F0-29D04BD1DD01}.AppStore|ARM64.ActiveCfg = Release|ARM64
		{CA6DB573-1358-4D27-A4F0-29D04BD1DD01}.AppStore|ARM64.Build.0 = Release|ARM64
		{CA6DB573-1358-4D27-A4F0-29D04BD1DD01}.AppStore|ARM64.Deploy.0 = Release|ARM64
		{CA6DB573-1358-4D27-A4F0-29D04BD1DD01}.AppStore|iPhone.ActiveCfg = Release|x64
		{CA6DB573-1358-4D27-A4F0-29D04BD1DD01}.AppStore|iPhone.Build.0 = Release|x64
		{CA6DB573-1358-4D27-A4F0-29D04BD1DD01}.AppStore|iPhone.Deploy.0 = Release|x64
		{CA6DB573-1358-4D27-A4F0-29D04BD1DD01}.AppStore|iPhoneSimulator.ActiveCfg = Release|x64
		{CA6DB573-1358-4D27-A4F0-29D04BD1DD01}.AppStore|iPhoneSimulator.Build.0 = Release|x64
		{CA6DB573-1358-4D27-A4F0-29D04BD1DD01}.AppStore|iPhoneSimulator.Deploy.0 = Release|x64
		{CA6DB573-1358-4D27-A4F0-29D04BD1DD01}.AppStore|x64.ActiveCfg = Release|x64
		{CA6DB573-1358-4D27-A4F0-29D04BD1DD01}.AppStore|x64.Build.0 = Release|x64
		{CA6DB573-1358-4D27-A4F0-29D04BD1DD01}.AppStore|x64.Deploy.0 = Release|x64
		{CA6DB573-1358-4D27-A4F0-29D04BD1DD01}.AppStore|x86.ActiveCfg = Release|x86
		{CA6DB573-1358-4D27-A4F0-29D04BD1DD01}.AppStore|x86.Build.0 = Release|x86
		{CA6DB573-1358-4D27-A4F0-29D04BD1DD01}.AppStore|x86.Deploy.0 = Release|x86
		{CA6DB573-1358-4D27-A4F0-29D04BD1DD01}.Debug|Any CPU.ActiveCfg = Debug|x86
		{CA6DB573-1358-4D27-A4F0-29D04BD1DD01}.Debug|ARM.ActiveCfg = Debug|ARM
		{CA6DB573-1358-4D27-A4F0-29D04BD1DD01}.Debug|ARM.Build.0 = Debug|ARM
		{CA6DB573-1358-4D27-A4F0-29D04BD1DD01}.Debug|ARM.Deploy.0 = Debug|ARM
		{CA6DB573-1358-4D27-A4F0-29D04BD1DD01}.Debug|ARM64.ActiveCfg = Debug|ARM64
		{CA6DB573-1358-4D27-A4F0-29D04BD1DD01}.Debug|ARM64.Build.0 = Debug|ARM64
		{CA6DB573-1358-4D27-A4F0-29D04BD1DD01}.Debug|ARM64.Deploy.0 = Debug|ARM64
		{CA6DB573-1358-4D27-A4F0-29D04BD1DD01}.Debug|iPhone.ActiveCfg = Debug|x86
		{CA6DB573-1358-4D27-A4F0-29D04BD1DD01}.Debug|iPhoneSimulator.ActiveCfg = Debug|x86
		{CA6DB573-1358-4D27-A4F0-29D04BD1DD01}.Debug|x64.ActiveCfg = Debug|x64
		{CA6DB573-1358-4D27-A4F0-29D04BD1DD01}.Debug|x64.Build.0 = Debug|x64
		{CA6DB573-1358-4D27-A4F0-29D04BD1DD01}.Debug|x64.Deploy.0 = Debug|x64
		{CA6DB573-1358-4D27-A4F0-29D04BD1DD01}.Debug|x86.ActiveCfg = Debug|x86
		{CA6DB573-1358-4D27-A4F0-29D04BD1DD01}.Debug|x86.Build.0 = Debug|x86
		{CA6DB573-1358-4D27-A4F0-29D04BD1DD01}.Debug|x86.Deploy.0 = Debug|x86
		{CA6DB573-1358-4D27-A4F0-29D04BD1DD01}.Release|Any CPU.ActiveCfg = Release|x86
		{CA6DB573-1358-4D27-A4F0-29D04BD1DD01}.Release|ARM.ActiveCfg = Release|ARM
		{CA6DB573-1358-4D27-A4F0-29D04BD1DD01}.Release|ARM.Build.0 = Release|ARM
		{CA6DB573-1358-4D27-A4F0-29D04BD1DD01}.Release|ARM.Deploy.0 = Release|ARM
		{CA6DB573-1358-4D27-A4F0-29D04BD1DD01}.Release|ARM64.ActiveCfg = Release|ARM64
		{CA6DB573-1358-4D27-A4F0-29D04BD1DD01}.Release|ARM64.Build.0 = Release|ARM64
		{CA6DB573-1358-4D27-A4F0-29D04BD1DD01}.Release|ARM64.Deploy.0 = Release|ARM64
		{CA6DB573-1358-4D27-A4F0-29D04BD1DD01}.Release|iPhone.ActiveCfg = Release|x86
		{CA6DB573-1358-4D27-A4F0-29D04BD1DD01}.Release|iPhoneSimulator.ActiveCfg = Release|x86
		{CA6DB573-1358-4D27-A4F0-29D04BD1DD01}.Release|x64.ActiveCfg = Release|x64
		{CA6DB573-1358-4D27-A4F0-29D04BD1DD01}.Release|x64.Build.0 = Release|x64
		{CA6DB573-1358-4D27-A4F0-29D04BD1DD01}.Release|x64.Deploy.0 = Release|x64
		{CA6DB573-1358-4D27-A4F0-29D04BD1DD01}.Release|x86.ActiveCfg = Release|x86
		{CA6DB573-1358-4D27-A4F0-29D04BD1DD01}.Release|x86.Build.0 = Release|x86
		{CA6DB573-1358-4D27-A4F0-29D04BD1DD01}.Release|x86.Deploy.0 = Release|x86
		{FD2F81B0-B744-493C-870E-1C8DBAA19F81}.Ad-Hoc|Any CPU.ActiveCfg = Debug|Any CPU
		{FD2F81B0-B744-493C-870E-1C8DBAA19F81}.Ad-Hoc|Any CPU.Build.0 = Debug|Any CPU
		{FD2F81B0-B744-493C-870E-1C8DBAA19F81}.Ad-Hoc|ARM.ActiveCfg = Debug|Any CPU
		{FD2F81B0-B744-493C-870E-1C8DBAA19F81}.Ad-Hoc|ARM.Build.0 = Debug|Any CPU
		{FD2F81B0-B744-493C-870E-1C8DBAA19F81}.Ad-Hoc|ARM64.ActiveCfg = Debug|Any CPU
		{FD2F81B0-B744-493C-870E-1C8DBAA19F81}.Ad-Hoc|ARM64.Build.0 = Debug|Any CPU
		{FD2F81B0-B744-493C-870E-1C8DBAA19F81}.Ad-Hoc|iPhone.ActiveCfg = Debug|Any CPU
		{FD2F81B0-B744-493C-870E-1C8DBAA19F81}.Ad-Hoc|iPhone.Build.0 = Debug|Any CPU
		{FD2F81B0-B744-493C-870E-1C8DBAA19F81}.Ad-Hoc|iPhoneSimulator.ActiveCfg = Debug|Any CPU
		{FD2F81B0-B744-493C-870E-1C8DBAA19F81}.Ad-Hoc|iPhoneSimulator.Build.0 = Debug|Any CPU
		{FD2F81B0-B744-493C-870E-1C8DBAA19F81}.Ad-Hoc|x64.ActiveCfg = Debug|Any CPU
		{FD2F81B0-B744-493C-870E-1C8DBAA19F81}.Ad-Hoc|x64.Build.0 = Debug|Any CPU
		{FD2F81B0-B744-493C-870E-1C8DBAA19F81}.Ad-Hoc|x86.ActiveCfg = Debug|Any CPU
		{FD2F81B0-B744-493C-870E-1C8DBAA19F81}.Ad-Hoc|x86.Build.0 = Debug|Any CPU
		{FD2F81B0-B744-493C-870E-1C8DBAA19F81}.AppStore|Any CPU.ActiveCfg = Debug|Any CPU
		{FD2F81B0-B744-493C-870E-1C8DBAA19F81}.AppStore|Any CPU.Build.0 = Debug|Any CPU
		{FD2F81B0-B744-493C-870E-1C8DBAA19F81}.AppStore|ARM.ActiveCfg = Debug|Any CPU
		{FD2F81B0-B744-493C-870E-1C8DBAA19F81}.AppStore|ARM.Build.0 = Debug|Any CPU
		{FD2F81B0-B744-493C-870E-1C8DBAA19F81}.AppStore|ARM64.ActiveCfg = Debug|Any CPU
		{FD2F81B0-B744-493C-870E-1C8DBAA19F81}.AppStore|ARM64.Build.0 = Debug|Any CPU
		{FD2F81B0-B744-493C-870E-1C8DBAA19F81}.AppStore|iPhone.ActiveCfg = Debug|Any CPU
		{FD2F81B0-B744-493C-870E-1C8DBAA19F81}.AppStore|iPhone.Build.0 = Debug|Any CPU
		{FD2F81B0-B744-493C-870E-1C8DBAA19F81}.AppStore|iPhoneSimulator.ActiveCfg = Debug|Any CPU
		{FD2F81B0-B744-493C-870E-1C8DBAA19F81}.AppStore|iPhoneSimulator.Build.0 = Debug|Any CPU
		{FD2F81B0-B744-493C-870E-1C8DBAA19F81}.AppStore|x64.ActiveCfg = Debug|Any CPU
		{FD2F81B0-B744-493C-870E-1C8DBAA19F81}.AppStore|x64.Build.0 = Debug|Any CPU
		{FD2F81B0-B744-493C-870E-1C8DBAA19F81}.AppStore|x86.ActiveCfg = Debug|Any CPU
		{FD2F81B0-B744-493C-870E-1C8DBAA19F81}.AppStore|x86.Build.0 = Debug|Any CPU
		{FD2F81B0-B744-493C-870E-1C8DBAA19F81}.Debug|Any CPU.ActiveCfg = Debug|Any CPU
		{FD2F81B0-B744-493C-870E-1C8DBAA19F81}.Debug|Any CPU.Build.0 = Debug|Any CPU
		{FD2F81B0-B744-493C-870E-1C8DBAA19F81}.Debug|ARM.ActiveCfg = Debug|Any CPU
		{FD2F81B0-B744-493C-870E-1C8DBAA19F81}.Debug|ARM.Build.0 = Debug|Any CPU
		{FD2F81B0-B744-493C-870E-1C8DBAA19F81}.Debug|ARM64.ActiveCfg = Debug|Any CPU
		{FD2F81B0-B744-493C-870E-1C8DBAA19F81}.Debug|ARM64.Build.0 = Debug|Any CPU
		{FD2F81B0-B744-493C-870E-1C8DBAA19F81}.Debug|iPhone.ActiveCfg = Debug|Any CPU
		{FD2F81B0-B744-493C-870E-1C8DBAA19F81}.Debug|iPhone.Build.0 = Debug|Any CPU
		{FD2F81B0-B744-493C-870E-1C8DBAA19F81}.Debug|iPhoneSimulator.ActiveCfg = Debug|Any CPU
		{FD2F81B0-B744-493C-870E-1C8DBAA19F81}.Debug|iPhoneSimulator.Build.0 = Debug|Any CPU
		{FD2F81B0-B744-493C-870E-1C8DBAA19F81}.Debug|x64.ActiveCfg = Debug|Any CPU
		{FD2F81B0-B744-493C-870E-1C8DBAA19F81}.Debug|x64.Build.0 = Debug|Any CPU
		{FD2F81B0-B744-493C-870E-1C8DBAA19F81}.Debug|x86.ActiveCfg = Debug|Any CPU
		{FD2F81B0-B744-493C-870E-1C8DBAA19F81}.Debug|x86.Build.0 = Debug|Any CPU
		{FD2F81B0-B744-493C-870E-1C8DBAA19F81}.Release|Any CPU.ActiveCfg = Release|Any CPU
		{FD2F81B0-B744-493C-870E-1C8DBAA19F81}.Release|Any CPU.Build.0 = Release|Any CPU
		{FD2F81B0-B744-493C-870E-1C8DBAA19F81}.Release|ARM.ActiveCfg = Release|Any CPU
		{FD2F81B0-B744-493C-870E-1C8DBAA19F81}.Release|ARM.Build.0 = Release|Any CPU
		{FD2F81B0-B744-493C-870E-1C8DBAA19F81}.Release|ARM64.ActiveCfg = Release|Any CPU
		{FD2F81B0-B744-493C-870E-1C8DBAA19F81}.Release|ARM64.Build.0 = Release|Any CPU
		{FD2F81B0-B744-493C-870E-1C8DBAA19F81}.Release|iPhone.ActiveCfg = Release|Any CPU
		{FD2F81B0-B744-493C-870E-1C8DBAA19F81}.Release|iPhone.Build.0 = Release|Any CPU
		{FD2F81B0-B744-493C-870E-1C8DBAA19F81}.Release|iPhoneSimulator.ActiveCfg = Release|Any CPU
		{FD2F81B0-B744-493C-870E-1C8DBAA19F81}.Release|iPhoneSimulator.Build.0 = Release|Any CPU
		{FD2F81B0-B744-493C-870E-1C8DBAA19F81}.Release|x64.ActiveCfg = Release|Any CPU
		{FD2F81B0-B744-493C-870E-1C8DBAA19F81}.Release|x64.Build.0 = Release|Any CPU
		{FD2F81B0-B744-493C-870E-1C8DBAA19F81}.Release|x86.ActiveCfg = Release|Any CPU
		{FD2F81B0-B744-493C-870E-1C8DBAA19F81}.Release|x86.Build.0 = Release|Any CPU
		{77D263B8-9D19-4892-8C5E-51CEBCA47088}.Ad-Hoc|Any CPU.ActiveCfg = Release|iPhoneSimulator
		{77D263B8-9D19-4892-8C5E-51CEBCA47088}.Ad-Hoc|Any CPU.Build.0 = Release|iPhoneSimulator
		{77D263B8-9D19-4892-8C5E-51CEBCA47088}.Ad-Hoc|ARM.ActiveCfg = Release|iPhoneSimulator
		{77D263B8-9D19-4892-8C5E-51CEBCA47088}.Ad-Hoc|ARM.Build.0 = Release|iPhoneSimulator
		{77D263B8-9D19-4892-8C5E-51CEBCA47088}.Ad-Hoc|ARM64.ActiveCfg = Release|iPhoneSimulator
		{77D263B8-9D19-4892-8C5E-51CEBCA47088}.Ad-Hoc|ARM64.Build.0 = Release|iPhoneSimulator
		{77D263B8-9D19-4892-8C5E-51CEBCA47088}.Ad-Hoc|iPhone.ActiveCfg = Release|iPhoneSimulator
		{77D263B8-9D19-4892-8C5E-51CEBCA47088}.Ad-Hoc|iPhone.Build.0 = Release|iPhoneSimulator
		{77D263B8-9D19-4892-8C5E-51CEBCA47088}.Ad-Hoc|iPhoneSimulator.ActiveCfg = Release|iPhoneSimulator
		{77D263B8-9D19-4892-8C5E-51CEBCA47088}.Ad-Hoc|iPhoneSimulator.Build.0 = Release|iPhoneSimulator
		{77D263B8-9D19-4892-8C5E-51CEBCA47088}.Ad-Hoc|x64.ActiveCfg = Release|iPhoneSimulator
		{77D263B8-9D19-4892-8C5E-51CEBCA47088}.Ad-Hoc|x64.Build.0 = Release|iPhoneSimulator
		{77D263B8-9D19-4892-8C5E-51CEBCA47088}.Ad-Hoc|x86.ActiveCfg = Release|iPhoneSimulator
		{77D263B8-9D19-4892-8C5E-51CEBCA47088}.Ad-Hoc|x86.Build.0 = Release|iPhoneSimulator
		{77D263B8-9D19-4892-8C5E-51CEBCA47088}.AppStore|Any CPU.ActiveCfg = Release|iPhoneSimulator
		{77D263B8-9D19-4892-8C5E-51CEBCA47088}.AppStore|Any CPU.Build.0 = Release|iPhoneSimulator
		{77D263B8-9D19-4892-8C5E-51CEBCA47088}.AppStore|ARM.ActiveCfg = Release|iPhoneSimulator
		{77D263B8-9D19-4892-8C5E-51CEBCA47088}.AppStore|ARM.Build.0 = Release|iPhoneSimulator
		{77D263B8-9D19-4892-8C5E-51CEBCA47088}.AppStore|ARM64.ActiveCfg = Release|iPhoneSimulator
		{77D263B8-9D19-4892-8C5E-51CEBCA47088}.AppStore|ARM64.Build.0 = Release|iPhoneSimulator
		{77D263B8-9D19-4892-8C5E-51CEBCA47088}.AppStore|iPhone.ActiveCfg = Release|iPhoneSimulator
		{77D263B8-9D19-4892-8C5E-51CEBCA47088}.AppStore|iPhone.Build.0 = Release|iPhoneSimulator
		{77D263B8-9D19-4892-8C5E-51CEBCA47088}.AppStore|iPhoneSimulator.ActiveCfg = Release|iPhoneSimulator
		{77D263B8-9D19-4892-8C5E-51CEBCA47088}.AppStore|iPhoneSimulator.Build.0 = Release|iPhoneSimulator
		{77D263B8-9D19-4892-8C5E-51CEBCA47088}.AppStore|x64.ActiveCfg = Release|iPhoneSimulator
		{77D263B8-9D19-4892-8C5E-51CEBCA47088}.AppStore|x64.Build.0 = Release|iPhoneSimulator
		{77D263B8-9D19-4892-8C5E-51CEBCA47088}.AppStore|x86.ActiveCfg = Release|iPhoneSimulator
		{77D263B8-9D19-4892-8C5E-51CEBCA47088}.AppStore|x86.Build.0 = Release|iPhoneSimulator
		{77D263B8-9D19-4892-8C5E-51CEBCA47088}.Debug|Any CPU.ActiveCfg = Debug|iPhoneSimulator
		{77D263B8-9D19-4892-8C5E-51CEBCA47088}.Debug|ARM.ActiveCfg = Debug|iPhoneSimulator
		{77D263B8-9D19-4892-8C5E-51CEBCA47088}.Debug|ARM64.ActiveCfg = Debug|iPhoneSimulator
		{77D263B8-9D19-4892-8C5E-51CEBCA47088}.Debug|iPhone.ActiveCfg = Debug|iPhoneSimulator
		{77D263B8-9D19-4892-8C5E-51CEBCA47088}.Debug|iPhoneSimulator.ActiveCfg = Debug|iPhoneSimulator
		{77D263B8-9D19-4892-8C5E-51CEBCA47088}.Debug|iPhoneSimulator.Build.0 = Debug|iPhoneSimulator
		{77D263B8-9D19-4892-8C5E-51CEBCA47088}.Debug|x64.ActiveCfg = Debug|iPhoneSimulator
		{77D263B8-9D19-4892-8C5E-51CEBCA47088}.Debug|x86.ActiveCfg = Debug|iPhoneSimulator
		{77D263B8-9D19-4892-8C5E-51CEBCA47088}.Release|Any CPU.ActiveCfg = Release|iPhoneSimulator
		{77D263B8-9D19-4892-8C5E-51CEBCA47088}.Release|ARM.ActiveCfg = Release|iPhoneSimulator
		{77D263B8-9D19-4892-8C5E-51CEBCA47088}.Release|ARM64.ActiveCfg = Release|iPhoneSimulator
		{77D263B8-9D19-4892-8C5E-51CEBCA47088}.Release|iPhone.ActiveCfg = Release|iPhoneSimulator
		{77D263B8-9D19-4892-8C5E-51CEBCA47088}.Release|iPhoneSimulator.ActiveCfg = Release|iPhoneSimulator
		{77D263B8-9D19-4892-8C5E-51CEBCA47088}.Release|iPhoneSimulator.Build.0 = Release|iPhoneSimulator
		{77D263B8-9D19-4892-8C5E-51CEBCA47088}.Release|x64.ActiveCfg = Release|iPhoneSimulator
		{77D263B8-9D19-4892-8C5E-51CEBCA47088}.Release|x86.ActiveCfg = Release|iPhoneSimulator
	EndGlobalSection
	GlobalSection(SolutionProperties) = preSolution
		HideSolutionNode = FALSE
	EndGlobalSection
	GlobalSection(ExtensibilityGlobals) = postSolution
		SolutionGuid = {39D1DEC6-4E77-48BD-9C38-E15600CF6768}
	EndGlobalSection
EndGlobal
