
Microsoft Visual Studio Solution File, Format Version 12.00
# Visual Studio 15
VisualStudioVersion = 15.0.27004.2006
MinimumVisualStudioVersion = 10.0.40219.1
Project("{F184B08F-C81C-45F6-A57F-5ABD9991F28F}") = "BackupSMS_VB", "BackupSMS_VB\BackupSMS_VB.vbproj", "{2F09A781-5A55-4597-A90E-DA684884BD3C}"
EndProject
Project("{FAE04EC0-301F-11D3-BF4B-00C04F79EFBC}") = "BackupSMS_VC", "BackupSMS-VC\BackupSMS_VC.csproj", "{CFC126BD-C17A-4704-B294-9934CD934F39}"
EndProject
Project("{D954291E-2A0B-460D-934E-DC6B0785DB48}") = "BackupSMS.Shared", "BackupSMS\BackupSMS_Uno.Shared\BackupSMS.Shared.shproj", "{6279C845-92F8-4333-AB99-3D213163593C}"
EndProject
Project("{FAE04EC0-301F-11D3-BF4B-00C04F79EFBC}") = "BackupSMS.Droid", "BackupSMS\BackupSMS_Uno.Droid\BackupSMS.Droid.csproj", "{722A3DE8-57FB-4249-8113-7042BA51A301}"
EndProject
Project("{FAE04EC0-301F-11D3-BF4B-00C04F79EFBC}") = "BackupSMS.iOS", "BackupSMS\BackupSMS_Uno.iOS\BackupSMS.iOS.csproj", "{DBD4DBE0-3B3A-4C4D-94AA-F05C3E539BB7}"
EndProject
Project("{FAE04EC0-301F-11D3-BF4B-00C04F79EFBC}") = "BackupSMS.UWP", "BackupSMS\BackupSMS_Uno.UWP\BackupSMS.UWP.csproj", "{46F98B83-CCA2-4BE5-BABA-BE11C4CDF7AC}"
EndProject
Global
	GlobalSection(SharedMSBuildProjectFiles) = preSolution
		BackupSMS\BackupSMS_Uno.Shared\BackupSMS_Uno.Shared.projitems*{46f98b83-cca2-4be5-baba-be11c4cdf7ac}*SharedItemsImports = 4
		BackupSMS\BackupSMS_Uno.Shared\BackupSMS_Uno.Shared.projitems*{6279c845-92f8-4333-ab99-3d213163593c}*SharedItemsImports = 13
		BackupSMS\BackupSMS_Uno.Shared\BackupSMS_Uno.Shared.projitems*{722a3de8-57fb-4249-8113-7042ba51a301}*SharedItemsImports = 4
		BackupSMS\BackupSMS_Uno.Shared\BackupSMS_Uno.Shared.projitems*{dbd4dbe0-3b3a-4c4d-94aa-f05c3e539bb7}*SharedItemsImports = 4
	EndGlobalSection
	GlobalSection(SolutionConfigurationPlatforms) = preSolution
		Ad-Hoc|Any CPU = Ad-Hoc|Any CPU
		Ad-Hoc|ARM = Ad-Hoc|ARM
		Ad-Hoc|ARM64 = Ad-Hoc|ARM64
		Ad-Hoc|iPhone = Ad-Hoc|iPhone
		Ad-Hoc|iPhoneSimulator = Ad-Hoc|iPhoneSimulator
		Ad-Hoc|x64 = Ad-Hoc|x64
		Ad-Hoc|x86 = Ad-Hoc|x86
		AppStore|Any CPU = AppStore|Any CPU
		AppStore|ARM = AppStore|ARM
		AppStore|ARM64 = AppStore|ARM64
		AppStore|iPhone = AppStore|iPhone
		AppStore|iPhoneSimulator = AppStore|iPhoneSimulator
		AppStore|x64 = AppStore|x64
		AppStore|x86 = AppStore|x86
		Debug|Any CPU = Debug|Any CPU
		Debug|ARM = Debug|ARM
		Debug|ARM64 = Debug|ARM64
		Debug|iPhone = Debug|iPhone
		Debug|iPhoneSimulator = Debug|iPhoneSimulator
		Debug|x64 = Debug|x64
		Debug|x86 = Debug|x86
		Release|Any CPU = Release|Any CPU
		Release|ARM = Release|ARM
		Release|ARM64 = Release|ARM64
		Release|iPhone = Release|iPhone
		Release|iPhoneSimulator = Release|iPhoneSimulator
		Release|x64 = Release|x64
		Release|x86 = Release|x86
	EndGlobalSection
	GlobalSection(ProjectConfigurationPlatforms) = postSolution
		{2F09A781-5A55-4597-A90E-DA684884BD3C}.Ad-Hoc|Any CPU.ActiveCfg = Release|x64
		{2F09A781-5A55-4597-A90E-DA684884BD3C}.Ad-Hoc|Any CPU.Build.0 = Release|x64
		{2F09A781-5A55-4597-A90E-DA684884BD3C}.Ad-Hoc|Any CPU.Deploy.0 = Release|x64
		{2F09A781-5A55-4597-A90E-DA684884BD3C}.Ad-Hoc|ARM.ActiveCfg = Release|ARM
		{2F09A781-5A55-4597-A90E-DA684884BD3C}.Ad-Hoc|ARM.Build.0 = Release|ARM
		{2F09A781-5A55-4597-A90E-DA684884BD3C}.Ad-Hoc|ARM.Deploy.0 = Release|ARM
		{2F09A781-5A55-4597-A90E-DA684884BD3C}.Ad-Hoc|ARM64.ActiveCfg = Release|x64
		{2F09A781-5A55-4597-A90E-DA684884BD3C}.Ad-Hoc|ARM64.Build.0 = Release|x64
		{2F09A781-5A55-4597-A90E-DA684884BD3C}.Ad-Hoc|ARM64.Deploy.0 = Release|x64
		{2F09A781-5A55-4597-A90E-DA684884BD3C}.Ad-Hoc|iPhone.ActiveCfg = Release|x64
		{2F09A781-5A55-4597-A90E-DA684884BD3C}.Ad-Hoc|iPhone.Build.0 = Release|x64
		{2F09A781-5A55-4597-A90E-DA684884BD3C}.Ad-Hoc|iPhone.Deploy.0 = Release|x64
		{2F09A781-5A55-4597-A90E-DA684884BD3C}.Ad-Hoc|iPhoneSimulator.ActiveCfg = Release|x64
		{2F09A781-5A55-4597-A90E-DA684884BD3C}.Ad-Hoc|iPhoneSimulator.Build.0 = Release|x64
		{2F09A781-5A55-4597-A90E-DA684884BD3C}.Ad-Hoc|iPhoneSimulator.Deploy.0 = Release|x64
		{2F09A781-5A55-4597-A90E-DA684884BD3C}.Ad-Hoc|x64.ActiveCfg = Release|x64
		{2F09A781-5A55-4597-A90E-DA684884BD3C}.Ad-Hoc|x64.Build.0 = Release|x64
		{2F09A781-5A55-4597-A90E-DA684884BD3C}.Ad-Hoc|x64.Deploy.0 = Release|x64
		{2F09A781-5A55-4597-A90E-DA684884BD3C}.Ad-Hoc|x86.ActiveCfg = Release|x86
		{2F09A781-5A55-4597-A90E-DA684884BD3C}.Ad-Hoc|x86.Build.0 = Release|x86
		{2F09A781-5A55-4597-A90E-DA684884BD3C}.Ad-Hoc|x86.Deploy.0 = Release|x86
		{2F09A781-5A55-4597-A90E-DA684884BD3C}.AppStore|Any CPU.ActiveCfg = Release|x64
		{2F09A781-5A55-4597-A90E-DA684884BD3C}.AppStore|Any CPU.Build.0 = Release|x64
		{2F09A781-5A55-4597-A90E-DA684884BD3C}.AppStore|Any CPU.Deploy.0 = Release|x64
		{2F09A781-5A55-4597-A90E-DA684884BD3C}.AppStore|ARM.ActiveCfg = Release|ARM
		{2F09A781-5A55-4597-A90E-DA684884BD3C}.AppStore|ARM.Build.0 = Release|ARM
		{2F09A781-5A55-4597-A90E-DA684884BD3C}.AppStore|ARM.Deploy.0 = Release|ARM
		{2F09A781-5A55-4597-A90E-DA684884BD3C}.AppStore|ARM64.ActiveCfg = Release|x64
		{2F09A781-5A55-4597-A90E-DA684884BD3C}.AppStore|ARM64.Build.0 = Release|x64
		{2F09A781-5A55-4597-A90E-DA684884BD3C}.AppStore|ARM64.Deploy.0 = Release|x64
		{2F09A781-5A55-4597-A90E-DA684884BD3C}.AppStore|iPhone.ActiveCfg = Release|x64
		{2F09A781-5A55-4597-A90E-DA684884BD3C}.AppStore|iPhone.Build.0 = Release|x64
		{2F09A781-5A55-4597-A90E-DA684884BD3C}.AppStore|iPhone.Deploy.0 = Release|x64
		{2F09A781-5A55-4597-A90E-DA684884BD3C}.AppStore|iPhoneSimulator.ActiveCfg = Release|x64
		{2F09A781-5A55-4597-A90E-DA684884BD3C}.AppStore|iPhoneSimulator.Build.0 = Release|x64
		{2F09A781-5A55-4597-A90E-DA684884BD3C}.AppStore|iPhoneSimulator.Deploy.0 = Release|x64
		{2F09A781-5A55-4597-A90E-DA684884BD3C}.AppStore|x64.ActiveCfg = Release|x64
		{2F09A781-5A55-4597-A90E-DA684884BD3C}.AppStore|x64.Build.0 = Release|x64
		{2F09A781-5A55-4597-A90E-DA684884BD3C}.AppStore|x64.Deploy.0 = Release|x64
		{2F09A781-5A55-4597-A90E-DA684884BD3C}.AppStore|x86.ActiveCfg = Release|x86
		{2F09A781-5A55-4597-A90E-DA684884BD3C}.AppStore|x86.Build.0 = Release|x86
		{2F09A781-5A55-4597-A90E-DA684884BD3C}.AppStore|x86.Deploy.0 = Release|x86
		{2F09A781-5A55-4597-A90E-DA684884BD3C}.Debug|Any CPU.ActiveCfg = Debug|x86
		{2F09A781-5A55-4597-A90E-DA684884BD3C}.Debug|ARM.ActiveCfg = Debug|ARM
		{2F09A781-5A55-4597-A90E-DA684884BD3C}.Debug|ARM.Build.0 = Debug|ARM
		{2F09A781-5A55-4597-A90E-DA684884BD3C}.Debug|ARM.Deploy.0 = Debug|ARM
		{2F09A781-5A55-4597-A90E-DA684884BD3C}.Debug|ARM64.ActiveCfg = Debug|x86
		{2F09A781-5A55-4597-A90E-DA684884BD3C}.Debug|iPhone.ActiveCfg = Debug|x86
		{2F09A781-5A55-4597-A90E-DA684884BD3C}.Debug|iPhoneSimulator.ActiveCfg = Debug|x86
		{2F09A781-5A55-4597-A90E-DA684884BD3C}.Debug|x64.ActiveCfg = Debug|x64
		{2F09A781-5A55-4597-A90E-DA684884BD3C}.Debug|x64.Build.0 = Debug|x64
		{2F09A781-5A55-4597-A90E-DA684884BD3C}.Debug|x64.Deploy.0 = Debug|x64
		{2F09A781-5A55-4597-A90E-DA684884BD3C}.Debug|x86.ActiveCfg = Debug|x86
		{2F09A781-5A55-4597-A90E-DA684884BD3C}.Debug|x86.Build.0 = Debug|x86
		{2F09A781-5A55-4597-A90E-DA684884BD3C}.Debug|x86.Deploy.0 = Debug|x86
		{2F09A781-5A55-4597-A90E-DA684884BD3C}.Release|Any CPU.ActiveCfg = Release|x86
		{2F09A781-5A55-4597-A90E-DA684884BD3C}.Release|ARM.ActiveCfg = Release|ARM
		{2F09A781-5A55-4597-A90E-DA684884BD3C}.Release|ARM.Build.0 = Release|ARM
		{2F09A781-5A55-4597-A90E-DA684884BD3C}.Release|ARM.Deploy.0 = Release|ARM
		{2F09A781-5A55-4597-A90E-DA684884BD3C}.Release|ARM64.ActiveCfg = Release|x86
		{2F09A781-5A55-4597-A90E-DA684884BD3C}.Release|iPhone.ActiveCfg = Release|x86
		{2F09A781-5A55-4597-A90E-DA684884BD3C}.Release|iPhoneSimulator.ActiveCfg = Release|x86
		{2F09A781-5A55-4597-A90E-DA684884BD3C}.Release|x64.ActiveCfg = Release|x64
		{2F09A781-5A55-4597-A90E-DA684884BD3C}.Release|x64.Build.0 = Release|x64
		{2F09A781-5A55-4597-A90E-DA684884BD3C}.Release|x64.Deploy.0 = Release|x64
		{2F09A781-5A55-4597-A90E-DA684884BD3C}.Release|x86.ActiveCfg = Release|x86
		{2F09A781-5A55-4597-A90E-DA684884BD3C}.Release|x86.Build.0 = Release|x86
		{2F09A781-5A55-4597-A90E-DA684884BD3C}.Release|x86.Deploy.0 = Release|x86
		{CFC126BD-C17A-4704-B294-9934CD934F39}.Ad-Hoc|Any CPU.ActiveCfg = Release|x86
		{CFC126BD-C17A-4704-B294-9934CD934F39}.Ad-Hoc|Any CPU.Build.0 = Release|x86
		{CFC126BD-C17A-4704-B294-9934CD934F39}.Ad-Hoc|Any CPU.Deploy.0 = Release|x86
		{CFC126BD-C17A-4704-B294-9934CD934F39}.Ad-Hoc|ARM.ActiveCfg = Release|ARM
		{CFC126BD-C17A-4704-B294-9934CD934F39}.Ad-Hoc|ARM.Build.0 = Release|ARM
		{CFC126BD-C17A-4704-B294-9934CD934F39}.Ad-Hoc|ARM.Deploy.0 = Release|ARM
		{CFC126BD-C17A-4704-B294-9934CD934F39}.Ad-Hoc|ARM64.ActiveCfg = Release|ARM64
		{CFC126BD-C17A-4704-B294-9934CD934F39}.Ad-Hoc|ARM64.Build.0 = Release|ARM64
		{CFC126BD-C17A-4704-B294-9934CD934F39}.Ad-Hoc|ARM64.Deploy.0 = Release|ARM64
		{CFC126BD-C17A-4704-B294-9934CD934F39}.Ad-Hoc|iPhone.ActiveCfg = Release|x86
		{CFC126BD-C17A-4704-B294-9934CD934F39}.Ad-Hoc|iPhone.Build.0 = Release|x86
		{CFC126BD-C17A-4704-B294-9934CD934F39}.Ad-Hoc|iPhone.Deploy.0 = Release|x86
		{CFC126BD-C17A-4704-B294-9934CD934F39}.Ad-Hoc|iPhoneSimulator.ActiveCfg = Release|x86
		{CFC126BD-C17A-4704-B294-9934CD934F39}.Ad-Hoc|iPhoneSimulator.Build.0 = Release|x86
		{CFC126BD-C17A-4704-B294-9934CD934F39}.Ad-Hoc|iPhoneSimulator.Deploy.0 = Release|x86
		{CFC126BD-C17A-4704-B294-9934CD934F39}.Ad-Hoc|x64.ActiveCfg = Release|x64
		{CFC126BD-C17A-4704-B294-9934CD934F39}.Ad-Hoc|x64.Build.0 = Release|x64
		{CFC126BD-C17A-4704-B294-9934CD934F39}.Ad-Hoc|x64.Deploy.0 = Release|x64
		{CFC126BD-C17A-4704-B294-9934CD934F39}.Ad-Hoc|x86.ActiveCfg = Release|x86
		{CFC126BD-C17A-4704-B294-9934CD934F39}.Ad-Hoc|x86.Build.0 = Release|x86
		{CFC126BD-C17A-4704-B294-9934CD934F39}.Ad-Hoc|x86.Deploy.0 = Release|x86
		{CFC126BD-C17A-4704-B294-9934CD934F39}.AppStore|Any CPU.ActiveCfg = Release|x86
		{CFC126BD-C17A-4704-B294-9934CD934F39}.AppStore|Any CPU.Build.0 = Release|x86
		{CFC126BD-C17A-4704-B294-9934CD934F39}.AppStore|Any CPU.Deploy.0 = Release|x86
		{CFC126BD-C17A-4704-B294-9934CD934F39}.AppStore|ARM.ActiveCfg = Release|ARM
		{CFC126BD-C17A-4704-B294-9934CD934F39}.AppStore|ARM.Build.0 = Release|ARM
		{CFC126BD-C17A-4704-B294-9934CD934F39}.AppStore|ARM.Deploy.0 = Release|ARM
		{CFC126BD-C17A-4704-B294-9934CD934F39}.AppStore|ARM64.ActiveCfg = Release|ARM64
		{CFC126BD-C17A-4704-B294-9934CD934F39}.AppStore|ARM64.Build.0 = Release|ARM64
		{CFC126BD-C17A-4704-B294-9934CD934F39}.AppStore|ARM64.Deploy.0 = Release|ARM64
		{CFC126BD-C17A-4704-B294-9934CD934F39}.AppStore|iPhone.ActiveCfg = Release|x86
		{CFC126BD-C17A-4704-B294-9934CD934F39}.AppStore|iPhone.Build.0 = Release|x86
		{CFC126BD-C17A-4704-B294-9934CD934F39}.AppStore|iPhone.Deploy.0 = Release|x86
		{CFC126BD-C17A-4704-B294-9934CD934F39}.AppStore|iPhoneSimulator.ActiveCfg = Release|x86
		{CFC126BD-C17A-4704-B294-9934CD934F39}.AppStore|iPhoneSimulator.Build.0 = Release|x86
		{CFC126BD-C17A-4704-B294-9934CD934F39}.AppStore|iPhoneSimulator.Deploy.0 = Release|x86
		{CFC126BD-C17A-4704-B294-9934CD934F39}.AppStore|x64.ActiveCfg = Release|x64
		{CFC126BD-C17A-4704-B294-9934CD934F39}.AppStore|x64.Build.0 = Release|x64
		{CFC126BD-C17A-4704-B294-9934CD934F39}.AppStore|x64.Deploy.0 = Release|x64
		{CFC126BD-C17A-4704-B294-9934CD934F39}.AppStore|x86.ActiveCfg = Release|x86
		{CFC126BD-C17A-4704-B294-9934CD934F39}.AppStore|x86.Build.0 = Release|x86
		{CFC126BD-C17A-4704-B294-9934CD934F39}.AppStore|x86.Deploy.0 = Release|x86
		{CFC126BD-C17A-4704-B294-9934CD934F39}.Debug|Any CPU.ActiveCfg = Debug|x86
		{CFC126BD-C17A-4704-B294-9934CD934F39}.Debug|ARM.ActiveCfg = Debug|ARM
		{CFC126BD-C17A-4704-B294-9934CD934F39}.Debug|ARM.Build.0 = Debug|ARM
		{CFC126BD-C17A-4704-B294-9934CD934F39}.Debug|ARM.Deploy.0 = Debug|ARM
		{CFC126BD-C17A-4704-B294-9934CD934F39}.Debug|ARM64.ActiveCfg = Debug|ARM64
		{CFC126BD-C17A-4704-B294-9934CD934F39}.Debug|ARM64.Build.0 = Debug|ARM64
		{CFC126BD-C17A-4704-B294-9934CD934F39}.Debug|ARM64.Deploy.0 = Debug|ARM64
		{CFC126BD-C17A-4704-B294-9934CD934F39}.Debug|iPhone.ActiveCfg = Debug|x86
		{CFC126BD-C17A-4704-B294-9934CD934F39}.Debug|iPhoneSimulator.ActiveCfg = Debug|x86
		{CFC126BD-C17A-4704-B294-9934CD934F39}.Debug|x64.ActiveCfg = Debug|x64
		{CFC126BD-C17A-4704-B294-9934CD934F39}.Debug|x64.Build.0 = Debug|x64
		{CFC126BD-C17A-4704-B294-9934CD934F39}.Debug|x64.Deploy.0 = Debug|x64
		{CFC126BD-C17A-4704-B294-9934CD934F39}.Debug|x86.ActiveCfg = Debug|x86
		{CFC126BD-C17A-4704-B294-9934CD934F39}.Debug|x86.Build.0 = Debug|x86
		{CFC126BD-C17A-4704-B294-9934CD934F39}.Debug|x86.Deploy.0 = Debug|x86
		{CFC126BD-C17A-4704-B294-9934CD934F39}.Release|Any CPU.ActiveCfg = Release|x86
		{CFC126BD-C17A-4704-B294-9934CD934F39}.Release|ARM.ActiveCfg = Release|ARM
		{CFC126BD-C17A-4704-B294-9934CD934F39}.Release|ARM.Build.0 = Release|ARM
		{CFC126BD-C17A-4704-B294-9934CD934F39}.Release|ARM.Deploy.0 = Release|ARM
		{CFC126BD-C17A-4704-B294-9934CD934F39}.Release|ARM64.ActiveCfg = Release|ARM64
		{CFC126BD-C17A-4704-B294-9934CD934F39}.Release|ARM64.Build.0 = Release|ARM64
		{CFC126BD-C17A-4704-B294-9934CD934F39}.Release|ARM64.Deploy.0 = Release|ARM64
		{CFC126BD-C17A-4704-B294-9934CD934F39}.Release|iPhone.ActiveCfg = Release|x86
		{CFC126BD-C17A-4704-B294-9934CD934F39}.Release|iPhoneSimulator.ActiveCfg = Release|x86
		{CFC126BD-C17A-4704-B294-9934CD934F39}.Release|x64.ActiveCfg = Release|x64
		{CFC126BD-C17A-4704-B294-9934CD934F39}.Release|x64.Build.0 = Release|x64
		{CFC126BD-C17A-4704-B294-9934CD934F39}.Release|x64.Deploy.0 = Release|x64
		{CFC126BD-C17A-4704-B294-9934CD934F39}.Release|x86.ActiveCfg = Release|x86
		{CFC126BD-C17A-4704-B294-9934CD934F39}.Release|x86.Build.0 = Release|x86
		{CFC126BD-C17A-4704-B294-9934CD934F39}.Release|x86.Deploy.0 = Release|x86
		{722A3DE8-57FB-4249-8113-7042BA51A301}.Ad-Hoc|Any CPU.ActiveCfg = Release|Any CPU
		{722A3DE8-57FB-4249-8113-7042BA51A301}.Ad-Hoc|Any CPU.Build.0 = Release|Any CPU
		{722A3DE8-57FB-4249-8113-7042BA51A301}.Ad-Hoc|Any CPU.Deploy.0 = Release|Any CPU
		{722A3DE8-57FB-4249-8113-7042BA51A301}.Ad-Hoc|ARM.ActiveCfg = Release|Any CPU
		{722A3DE8-57FB-4249-8113-7042BA51A301}.Ad-Hoc|ARM.Build.0 = Release|Any CPU
		{722A3DE8-57FB-4249-8113-7042BA51A301}.Ad-Hoc|ARM.Deploy.0 = Release|Any CPU
		{722A3DE8-57FB-4249-8113-7042BA51A301}.Ad-Hoc|ARM64.ActiveCfg = Release|Any CPU
		{722A3DE8-57FB-4249-8113-7042BA51A301}.Ad-Hoc|ARM64.Build.0 = Release|Any CPU
		{722A3DE8-57FB-4249-8113-7042BA51A301}.Ad-Hoc|ARM64.Deploy.0 = Release|Any CPU
		{722A3DE8-57FB-4249-8113-7042BA51A301}.Ad-Hoc|iPhone.ActiveCfg = Release|Any CPU
		{722A3DE8-57FB-4249-8113-7042BA51A301}.Ad-Hoc|iPhone.Build.0 = Release|Any CPU
		{722A3DE8-57FB-4249-8113-7042BA51A301}.Ad-Hoc|iPhone.Deploy.0 = Release|Any CPU
		{722A3DE8-57FB-4249-8113-7042BA51A301}.Ad-Hoc|iPhoneSimulator.ActiveCfg = Release|Any CPU
		{722A3DE8-57FB-4249-8113-7042BA51A301}.Ad-Hoc|iPhoneSimulator.Build.0 = Release|Any CPU
		{722A3DE8-57FB-4249-8113-7042BA51A301}.Ad-Hoc|iPhoneSimulator.Deploy.0 = Release|Any CPU
		{722A3DE8-57FB-4249-8113-7042BA51A301}.Ad-Hoc|x64.ActiveCfg = Release|Any CPU
		{722A3DE8-57FB-4249-8113-7042BA51A301}.Ad-Hoc|x64.Build.0 = Release|Any CPU
		{722A3DE8-57FB-4249-8113-7042BA51A301}.Ad-Hoc|x64.Deploy.0 = Release|Any CPU
		{722A3DE8-57FB-4249-8113-7042BA51A301}.Ad-Hoc|x86.ActiveCfg = Release|Any CPU
		{722A3DE8-57FB-4249-8113-7042BA51A301}.Ad-Hoc|x86.Build.0 = Release|Any CPU
		{722A3DE8-57FB-4249-8113-7042BA51A301}.Ad-Hoc|x86.Deploy.0 = Release|Any CPU
		{722A3DE8-57FB-4249-8113-7042BA51A301}.AppStore|Any CPU.ActiveCfg = Release|Any CPU
		{722A3DE8-57FB-4249-8113-7042BA51A301}.AppStore|Any CPU.Build.0 = Release|Any CPU
		{722A3DE8-57FB-4249-8113-7042BA51A301}.AppStore|Any CPU.Deploy.0 = Release|Any CPU
		{722A3DE8-57FB-4249-8113-7042BA51A301}.AppStore|ARM.ActiveCfg = Release|Any CPU
		{722A3DE8-57FB-4249-8113-7042BA51A301}.AppStore|ARM.Build.0 = Release|Any CPU
		{722A3DE8-57FB-4249-8113-7042BA51A301}.AppStore|ARM.Deploy.0 = Release|Any CPU
		{722A3DE8-57FB-4249-8113-7042BA51A301}.AppStore|ARM64.ActiveCfg = Release|Any CPU
		{722A3DE8-57FB-4249-8113-7042BA51A301}.AppStore|ARM64.Build.0 = Release|Any CPU
		{722A3DE8-57FB-4249-8113-7042BA51A301}.AppStore|ARM64.Deploy.0 = Release|Any CPU
		{722A3DE8-57FB-4249-8113-7042BA51A301}.AppStore|iPhone.ActiveCfg = Release|Any CPU
		{722A3DE8-57FB-4249-8113-7042BA51A301}.AppStore|iPhone.Build.0 = Release|Any CPU
		{722A3DE8-57FB-4249-8113-7042BA51A301}.AppStore|iPhone.Deploy.0 = Release|Any CPU
		{722A3DE8-57FB-4249-8113-7042BA51A301}.AppStore|iPhoneSimulator.ActiveCfg = Release|Any CPU
		{722A3DE8-57FB-4249-8113-7042BA51A301}.AppStore|iPhoneSimulator.Build.0 = Release|Any CPU
		{722A3DE8-57FB-4249-8113-7042BA51A301}.AppStore|iPhoneSimulator.Deploy.0 = Release|Any CPU
		{722A3DE8-57FB-4249-8113-7042BA51A301}.AppStore|x64.ActiveCfg = Release|Any CPU
		{722A3DE8-57FB-4249-8113-7042BA51A301}.AppStore|x64.Build.0 = Release|Any CPU
		{722A3DE8-57FB-4249-8113-7042BA51A301}.AppStore|x64.Deploy.0 = Release|Any CPU
		{722A3DE8-57FB-4249-8113-7042BA51A301}.AppStore|x86.ActiveCfg = Release|Any CPU
		{722A3DE8-57FB-4249-8113-7042BA51A301}.AppStore|x86.Build.0 = Release|Any CPU
		{722A3DE8-57FB-4249-8113-7042BA51A301}.AppStore|x86.Deploy.0 = Release|Any CPU
		{722A3DE8-57FB-4249-8113-7042BA51A301}.Debug|Any CPU.ActiveCfg = Debug|Any CPU
		{722A3DE8-57FB-4249-8113-7042BA51A301}.Debug|Any CPU.Build.0 = Debug|Any CPU
		{722A3DE8-57FB-4249-8113-7042BA51A301}.Debug|Any CPU.Deploy.0 = Debug|Any CPU
		{722A3DE8-57FB-4249-8113-7042BA51A301}.Debug|ARM.ActiveCfg = Debug|Any CPU
		{722A3DE8-57FB-4249-8113-7042BA51A301}.Debug|ARM.Build.0 = Debug|Any CPU
		{722A3DE8-57FB-4249-8113-7042BA51A301}.Debug|ARM.Deploy.0 = Debug|Any CPU
		{722A3DE8-57FB-4249-8113-7042BA51A301}.Debug|ARM64.ActiveCfg = Debug|Any CPU
		{722A3DE8-57FB-4249-8113-7042BA51A301}.Debug|ARM64.Build.0 = Debug|Any CPU
		{722A3DE8-57FB-4249-8113-7042BA51A301}.Debug|ARM64.Deploy.0 = Debug|Any CPU
		{722A3DE8-57FB-4249-8113-7042BA51A301}.Debug|iPhone.ActiveCfg = Debug|Any CPU
		{722A3DE8-57FB-4249-8113-7042BA51A301}.Debug|iPhone.Build.0 = Debug|Any CPU
		{722A3DE8-57FB-4249-8113-7042BA51A301}.Debug|iPhone.Deploy.0 = Debug|Any CPU
		{722A3DE8-57FB-4249-8113-7042BA51A301}.Debug|iPhoneSimulator.ActiveCfg = Debug|Any CPU
		{722A3DE8-57FB-4249-8113-7042BA51A301}.Debug|iPhoneSimulator.Build.0 = Debug|Any CPU
		{722A3DE8-57FB-4249-8113-7042BA51A301}.Debug|iPhoneSimulator.Deploy.0 = Debug|Any CPU
		{722A3DE8-57FB-4249-8113-7042BA51A301}.Debug|x64.ActiveCfg = Debug|Any CPU
		{722A3DE8-57FB-4249-8113-7042BA51A301}.Debug|x64.Build.0 = Debug|Any CPU
		{722A3DE8-57FB-4249-8113-7042BA51A301}.Debug|x64.Deploy.0 = Debug|Any CPU
		{722A3DE8-57FB-4249-8113-7042BA51A301}.Debug|x86.ActiveCfg = Debug|Any CPU
		{722A3DE8-57FB-4249-8113-7042BA51A301}.Debug|x86.Build.0 = Debug|Any CPU
		{722A3DE8-57FB-4249-8113-7042BA51A301}.Debug|x86.Deploy.0 = Debug|Any CPU
		{722A3DE8-57FB-4249-8113-7042BA51A301}.Release|Any CPU.ActiveCfg = Release|Any CPU
		{722A3DE8-57FB-4249-8113-7042BA51A301}.Release|Any CPU.Build.0 = Release|Any CPU
		{722A3DE8-57FB-4249-8113-7042BA51A301}.Release|Any CPU.Deploy.0 = Release|Any CPU
		{722A3DE8-57FB-4249-8113-7042BA51A301}.Release|ARM.ActiveCfg = Release|Any CPU
		{722A3DE8-57FB-4249-8113-7042BA51A301}.Release|ARM.Build.0 = Release|Any CPU
		{722A3DE8-57FB-4249-8113-7042BA51A301}.Release|ARM.Deploy.0 = Release|Any CPU
		{722A3DE8-57FB-4249-8113-7042BA51A301}.Release|ARM64.ActiveCfg = Release|Any CPU
		{722A3DE8-57FB-4249-8113-7042BA51A301}.Release|ARM64.Build.0 = Release|Any CPU
		{722A3DE8-57FB-4249-8113-7042BA51A301}.Release|ARM64.Deploy.0 = Release|Any CPU
		{722A3DE8-57FB-4249-8113-7042BA51A301}.Release|iPhone.ActiveCfg = Release|Any CPU
		{722A3DE8-57FB-4249-8113-7042BA51A301}.Release|iPhone.Build.0 = Release|Any CPU
		{722A3DE8-57FB-4249-8113-7042BA51A301}.Release|iPhone.Deploy.0 = Release|Any CPU
		{722A3DE8-57FB-4249-8113-7042BA51A301}.Release|iPhoneSimulator.ActiveCfg = Release|Any CPU
		{722A3DE8-57FB-4249-8113-7042BA51A301}.Release|iPhoneSimulator.Build.0 = Release|Any CPU
		{722A3DE8-57FB-4249-8113-7042BA51A301}.Release|iPhoneSimulator.Deploy.0 = Release|Any CPU
		{722A3DE8-57FB-4249-8113-7042BA51A301}.Release|x64.ActiveCfg = Release|Any CPU
		{722A3DE8-57FB-4249-8113-7042BA51A301}.Release|x64.Build.0 = Release|Any CPU
		{722A3DE8-57FB-4249-8113-7042BA51A301}.Release|x64.Deploy.0 = Release|Any CPU
		{722A3DE8-57FB-4249-8113-7042BA51A301}.Release|x86.ActiveCfg = Release|Any CPU
		{722A3DE8-57FB-4249-8113-7042BA51A301}.Release|x86.Build.0 = Release|Any CPU
		{722A3DE8-57FB-4249-8113-7042BA51A301}.Release|x86.Deploy.0 = Release|Any CPU
		{DBD4DBE0-3B3A-4C4D-94AA-F05C3E539BB7}.Ad-Hoc|Any CPU.ActiveCfg = Ad-Hoc|iPhone
		{DBD4DBE0-3B3A-4C4D-94AA-F05C3E539BB7}.Ad-Hoc|ARM.ActiveCfg = Ad-Hoc|iPhone
		{DBD4DBE0-3B3A-4C4D-94AA-F05C3E539BB7}.Ad-Hoc|ARM64.ActiveCfg = Ad-Hoc|iPhone
		{DBD4DBE0-3B3A-4C4D-94AA-F05C3E539BB7}.Ad-Hoc|iPhone.ActiveCfg = Ad-Hoc|iPhone
		{DBD4DBE0-3B3A-4C4D-94AA-F05C3E539BB7}.Ad-Hoc|iPhone.Build.0 = Ad-Hoc|iPhone
		{DBD4DBE0-3B3A-4C4D-94AA-F05C3E539BB7}.Ad-Hoc|iPhoneSimulator.ActiveCfg = Ad-Hoc|iPhoneSimulator
		{DBD4DBE0-3B3A-4C4D-94AA-F05C3E539BB7}.Ad-Hoc|iPhoneSimulator.Build.0 = Ad-Hoc|iPhoneSimulator
		{DBD4DBE0-3B3A-4C4D-94AA-F05C3E539BB7}.Ad-Hoc|x64.ActiveCfg = Ad-Hoc|iPhone
		{DBD4DBE0-3B3A-4C4D-94AA-F05C3E539BB7}.Ad-Hoc|x86.ActiveCfg = Ad-Hoc|iPhone
		{DBD4DBE0-3B3A-4C4D-94AA-F05C3E539BB7}.AppStore|Any CPU.ActiveCfg = AppStore|iPhone
		{DBD4DBE0-3B3A-4C4D-94AA-F05C3E539BB7}.AppStore|ARM.ActiveCfg = AppStore|iPhone
		{DBD4DBE0-3B3A-4C4D-94AA-F05C3E539BB7}.AppStore|ARM64.ActiveCfg = AppStore|iPhone
		{DBD4DBE0-3B3A-4C4D-94AA-F05C3E539BB7}.AppStore|iPhone.ActiveCfg = AppStore|iPhone
		{DBD4DBE0-3B3A-4C4D-94AA-F05C3E539BB7}.AppStore|iPhone.Build.0 = AppStore|iPhone
		{DBD4DBE0-3B3A-4C4D-94AA-F05C3E539BB7}.AppStore|iPhoneSimulator.ActiveCfg = AppStore|iPhoneSimulator
		{DBD4DBE0-3B3A-4C4D-94AA-F05C3E539BB7}.AppStore|iPhoneSimulator.Build.0 = AppStore|iPhoneSimulator
		{DBD4DBE0-3B3A-4C4D-94AA-F05C3E539BB7}.AppStore|x64.ActiveCfg = AppStore|iPhone
		{DBD4DBE0-3B3A-4C4D-94AA-F05C3E539BB7}.AppStore|x86.ActiveCfg = AppStore|iPhone
		{DBD4DBE0-3B3A-4C4D-94AA-F05C3E539BB7}.Debug|Any CPU.ActiveCfg = Debug|iPhone
		{DBD4DBE0-3B3A-4C4D-94AA-F05C3E539BB7}.Debug|ARM.ActiveCfg = Debug|iPhone
		{DBD4DBE0-3B3A-4C4D-94AA-F05C3E539BB7}.Debug|ARM64.ActiveCfg = Debug|iPhone
		{DBD4DBE0-3B3A-4C4D-94AA-F05C3E539BB7}.Debug|iPhone.ActiveCfg = Debug|iPhone
		{DBD4DBE0-3B3A-4C4D-94AA-F05C3E539BB7}.Debug|iPhone.Build.0 = Debug|iPhone
		{DBD4DBE0-3B3A-4C4D-94AA-F05C3E539BB7}.Debug|iPhoneSimulator.ActiveCfg = Debug|iPhoneSimulator
		{DBD4DBE0-3B3A-4C4D-94AA-F05C3E539BB7}.Debug|iPhoneSimulator.Build.0 = Debug|iPhoneSimulator
		{DBD4DBE0-3B3A-4C4D-94AA-F05C3E539BB7}.Debug|x64.ActiveCfg = Debug|iPhone
		{DBD4DBE0-3B3A-4C4D-94AA-F05C3E539BB7}.Debug|x86.ActiveCfg = Debug|iPhone
		{DBD4DBE0-3B3A-4C4D-94AA-F05C3E539BB7}.Release|Any CPU.ActiveCfg = Release|iPhone
		{DBD4DBE0-3B3A-4C4D-94AA-F05C3E539BB7}.Release|ARM.ActiveCfg = Release|iPhone
		{DBD4DBE0-3B3A-4C4D-94AA-F05C3E539BB7}.Release|ARM64.ActiveCfg = Release|iPhone
		{DBD4DBE0-3B3A-4C4D-94AA-F05C3E539BB7}.Release|iPhone.ActiveCfg = Release|iPhone
		{DBD4DBE0-3B3A-4C4D-94AA-F05C3E539BB7}.Release|iPhone.Build.0 = Release|iPhone
		{DBD4DBE0-3B3A-4C4D-94AA-F05C3E539BB7}.Release|iPhoneSimulator.ActiveCfg = Release|iPhoneSimulator
		{DBD4DBE0-3B3A-4C4D-94AA-F05C3E539BB7}.Release|iPhoneSimulator.Build.0 = Release|iPhoneSimulator
		{DBD4DBE0-3B3A-4C4D-94AA-F05C3E539BB7}.Release|x64.ActiveCfg = Release|iPhone
		{DBD4DBE0-3B3A-4C4D-94AA-F05C3E539BB7}.Release|x86.ActiveCfg = Release|iPhone
		{46F98B83-CCA2-4BE5-BABA-BE11C4CDF7AC}.Ad-Hoc|Any CPU.ActiveCfg = Release|x64
		{46F98B83-CCA2-4BE5-BABA-BE11C4CDF7AC}.Ad-Hoc|Any CPU.Build.0 = Release|x64
		{46F98B83-CCA2-4BE5-BABA-BE11C4CDF7AC}.Ad-Hoc|Any CPU.Deploy.0 = Release|x64
		{46F98B83-CCA2-4BE5-BABA-BE11C4CDF7AC}.Ad-Hoc|ARM.ActiveCfg = Release|ARM
		{46F98B83-CCA2-4BE5-BABA-BE11C4CDF7AC}.Ad-Hoc|ARM.Build.0 = Release|ARM
		{46F98B83-CCA2-4BE5-BABA-BE11C4CDF7AC}.Ad-Hoc|ARM.Deploy.0 = Release|ARM
		{46F98B83-CCA2-4BE5-BABA-BE11C4CDF7AC}.Ad-Hoc|ARM64.ActiveCfg = Release|x64
		{46F98B83-CCA2-4BE5-BABA-BE11C4CDF7AC}.Ad-Hoc|ARM64.Build.0 = Release|x64
		{46F98B83-CCA2-4BE5-BABA-BE11C4CDF7AC}.Ad-Hoc|ARM64.Deploy.0 = Release|x64
		{46F98B83-CCA2-4BE5-BABA-BE11C4CDF7AC}.Ad-Hoc|iPhone.ActiveCfg = Release|x64
		{46F98B83-CCA2-4BE5-BABA-BE11C4CDF7AC}.Ad-Hoc|iPhone.Build.0 = Release|x64
		{46F98B83-CCA2-4BE5-BABA-BE11C4CDF7AC}.Ad-Hoc|iPhone.Deploy.0 = Release|x64
		{46F98B83-CCA2-4BE5-BABA-BE11C4CDF7AC}.Ad-Hoc|iPhoneSimulator.ActiveCfg = Release|x64
		{46F98B83-CCA2-4BE5-BABA-BE11C4CDF7AC}.Ad-Hoc|iPhoneSimulator.Build.0 = Release|x64
		{46F98B83-CCA2-4BE5-BABA-BE11C4CDF7AC}.Ad-Hoc|iPhoneSimulator.Deploy.0 = Release|x64
		{46F98B83-CCA2-4BE5-BABA-BE11C4CDF7AC}.Ad-Hoc|x64.ActiveCfg = Release|x64
		{46F98B83-CCA2-4BE5-BABA-BE11C4CDF7AC}.Ad-Hoc|x64.Build.0 = Release|x64
		{46F98B83-CCA2-4BE5-BABA-BE11C4CDF7AC}.Ad-Hoc|x64.Deploy.0 = Release|x64
		{46F98B83-CCA2-4BE5-BABA-BE11C4CDF7AC}.Ad-Hoc|x86.ActiveCfg = Release|x86
		{46F98B83-CCA2-4BE5-BABA-BE11C4CDF7AC}.Ad-Hoc|x86.Build.0 = Release|x86
		{46F98B83-CCA2-4BE5-BABA-BE11C4CDF7AC}.Ad-Hoc|x86.Deploy.0 = Release|x86
		{46F98B83-CCA2-4BE5-BABA-BE11C4CDF7AC}.AppStore|Any CPU.ActiveCfg = Release|x64
		{46F98B83-CCA2-4BE5-BABA-BE11C4CDF7AC}.AppStore|Any CPU.Build.0 = Release|x64
		{46F98B83-CCA2-4BE5-BABA-BE11C4CDF7AC}.AppStore|Any CPU.Deploy.0 = Release|x64
		{46F98B83-CCA2-4BE5-BABA-BE11C4CDF7AC}.AppStore|ARM.ActiveCfg = Release|ARM
		{46F98B83-CCA2-4BE5-BABA-BE11C4CDF7AC}.AppStore|ARM.Build.0 = Release|ARM
		{46F98B83-CCA2-4BE5-BABA-BE11C4CDF7AC}.AppStore|ARM.Deploy.0 = Release|ARM
		{46F98B83-CCA2-4BE5-BABA-BE11C4CDF7AC}.AppStore|ARM64.ActiveCfg = Release|x64
		{46F98B83-CCA2-4BE5-BABA-BE11C4CDF7AC}.AppStore|ARM64.Build.0 = Release|x64
		{46F98B83-CCA2-4BE5-BABA-BE11C4CDF7AC}.AppStore|ARM64.Deploy.0 = Release|x64
		{46F98B83-CCA2-4BE5-BABA-BE11C4CDF7AC}.AppStore|iPhone.ActiveCfg = Release|x64
		{46F98B83-CCA2-4BE5-BABA-BE11C4CDF7AC}.AppStore|iPhone.Build.0 = Release|x64
		{46F98B83-CCA2-4BE5-BABA-BE11C4CDF7AC}.AppStore|iPhone.Deploy.0 = Release|x64
		{46F98B83-CCA2-4BE5-BABA-BE11C4CDF7AC}.AppStore|iPhoneSimulator.ActiveCfg = Release|x64
		{46F98B83-CCA2-4BE5-BABA-BE11C4CDF7AC}.AppStore|iPhoneSimulator.Build.0 = Release|x64
		{46F98B83-CCA2-4BE5-BABA-BE11C4CDF7AC}.AppStore|iPhoneSimulator.Deploy.0 = Release|x64
		{46F98B83-CCA2-4BE5-BABA-BE11C4CDF7AC}.AppStore|x64.ActiveCfg = Release|x64
		{46F98B83-CCA2-4BE5-BABA-BE11C4CDF7AC}.AppStore|x64.Build.0 = Release|x64
		{46F98B83-CCA2-4BE5-BABA-BE11C4CDF7AC}.AppStore|x64.Deploy.0 = Release|x64
		{46F98B83-CCA2-4BE5-BABA-BE11C4CDF7AC}.AppStore|x86.ActiveCfg = Release|x86
		{46F98B83-CCA2-4BE5-BABA-BE11C4CDF7AC}.AppStore|x86.Build.0 = Release|x86
		{46F98B83-CCA2-4BE5-BABA-BE11C4CDF7AC}.AppStore|x86.Deploy.0 = Release|x86
		{46F98B83-CCA2-4BE5-BABA-BE11C4CDF7AC}.Debug|Any CPU.ActiveCfg = Debug|x86
		{46F98B83-CCA2-4BE5-BABA-BE11C4CDF7AC}.Debug|ARM.ActiveCfg = Debug|ARM
		{46F98B83-CCA2-4BE5-BABA-BE11C4CDF7AC}.Debug|ARM.Build.0 = Debug|ARM
		{46F98B83-CCA2-4BE5-BABA-BE11C4CDF7AC}.Debug|ARM.Deploy.0 = Debug|ARM
		{46F98B83-CCA2-4BE5-BABA-BE11C4CDF7AC}.Debug|ARM64.ActiveCfg = Debug|x86
		{46F98B83-CCA2-4BE5-BABA-BE11C4CDF7AC}.Debug|iPhone.ActiveCfg = Debug|x86
		{46F98B83-CCA2-4BE5-BABA-BE11C4CDF7AC}.Debug|iPhoneSimulator.ActiveCfg = Debug|x86
		{46F98B83-CCA2-4BE5-BABA-BE11C4CDF7AC}.Debug|x64.ActiveCfg = Debug|x64
		{46F98B83-CCA2-4BE5-BABA-BE11C4CDF7AC}.Debug|x64.Build.0 = Debug|x64
		{46F98B83-CCA2-4BE5-BABA-BE11C4CDF7AC}.Debug|x64.Deploy.0 = Debug|x64
		{46F98B83-CCA2-4BE5-BABA-BE11C4CDF7AC}.Debug|x86.ActiveCfg = Debug|x86
		{46F98B83-CCA2-4BE5-BABA-BE11C4CDF7AC}.Debug|x86.Build.0 = Debug|x86
		{46F98B83-CCA2-4BE5-BABA-BE11C4CDF7AC}.Debug|x86.Deploy.0 = Debug|x86
		{46F98B83-CCA2-4BE5-BABA-BE11C4CDF7AC}.Release|Any CPU.ActiveCfg = Release|x86
		{46F98B83-CCA2-4BE5-BABA-BE11C4CDF7AC}.Release|ARM.ActiveCfg = Release|ARM
		{46F98B83-CCA2-4BE5-BABA-BE11C4CDF7AC}.Release|ARM.Build.0 = Release|ARM
		{46F98B83-CCA2-4BE5-BABA-BE11C4CDF7AC}.Release|ARM.Deploy.0 = Release|ARM
		{46F98B83-CCA2-4BE5-BABA-BE11C4CDF7AC}.Release|ARM64.ActiveCfg = Release|x86
		{46F98B83-CCA2-4BE5-BABA-BE11C4CDF7AC}.Release|iPhone.ActiveCfg = Release|x86
		{46F98B83-CCA2-4BE5-BABA-BE11C4CDF7AC}.Release|iPhoneSimulator.ActiveCfg = Release|x86
		{46F98B83-CCA2-4BE5-BABA-BE11C4CDF7AC}.Release|x64.ActiveCfg = Release|x64
		{46F98B83-CCA2-4BE5-BABA-BE11C4CDF7AC}.Release|x64.Build.0 = Release|x64
		{46F98B83-CCA2-4BE5-BABA-BE11C4CDF7AC}.Release|x64.Deploy.0 = Release|x64
		{46F98B83-CCA2-4BE5-BABA-BE11C4CDF7AC}.Release|x86.ActiveCfg = Release|x86
		{46F98B83-CCA2-4BE5-BABA-BE11C4CDF7AC}.Release|x86.Build.0 = Release|x86
		{46F98B83-CCA2-4BE5-BABA-BE11C4CDF7AC}.Release|x86.Deploy.0 = Release|x86
	EndGlobalSection
	GlobalSection(SolutionProperties) = preSolution
		HideSolutionNode = FALSE
	EndGlobalSection
	GlobalSection(ExtensibilityGlobals) = postSolution
		SolutionGuid = {39D1DEC6-4E77-48BD-9C38-E15600CF6768}
	EndGlobalSection
EndGlobal
